{
  "originHash" : "117600a90316ac9c593c64e8e14e040a2c76272c9d14c39512c548d9091766f2",
  "pins" : [
    {
      "identity" : "appearance",
      "kind" : "remoteSourceControl",
      "location" : "https://github.com/TopScrech/Appearance",
      "state" : {
        "branch" : "main",
        "revision" : "737ef13cbcd497a84b4093e2827163c4fe001e9d"
      }
    },
    {
      "identity" : "nuke",
      "kind" : "remoteSourceControl",
      "location" : "https://github.com/kean/Nuke",
      "state" : {
        "revision" : "0ead44350d2737db384908569c012fe67c421e4d",
        "version" : "12.8.0"
      }
    },
    {
      "identity" : "screchkit",
      "kind" : "remoteSourceControl",
      "location" : "https://github.com/TopScrech/ScrechKit",
      "state" : {
        "branch" : "main",
        "revision" : "c551fdb49de6625903e9d11b13e7e89eaf8a8bf3"
      }
    }
  ],
  "version" : 3
}
