{
  "originHash" : "dfda1b2373faf41caa3188671ba670b2200fab944b02101cc60f880c7bb040cf",
  "pins" : [
    {
      "identity" : "nuke",
      "kind" : "remoteSourceControl",
      "location" : "https://github.com/kean/Nuke",
      "state" : {
        "revision" : "0ead44350d2737db384908569c012fe67c421e4d",
        "version" : "12.8.0"
      }
    },
    {
      "identity" : "screchkit",
      "kind" : "remoteSourceControl",
      "location" : "https://github.com/TopScrech/ScrechKit",
      "state" : {
        "branch" : "main",
        "revision" : "61489cd4d293c65f4bae5e2c4d1cb74f56871d59"
      }
    }
  ],
  "version" : 3
}
