// !$*UTF8*$!
{
	archiveVersion = 1;
	classes = {
	};
	objectVersion = 90;
	objects = {

/* Begin PBXBuildFile section */
		F11F63582A81E51000D47187 /* watchOS.app in Embed Watch Content */ = {isa = PBXBuildFile; fileRef = F11F634B2A81E50E00D47187 /* watchOS.app */; platformFilter = ios; settings = {ATTRIBUTES = (RemoveHeadersOnCopy, ); }; };
		F13095262CBC997200C4C7BA /* WidgetKit.framework in Frameworks */ = {isa = PBXBuildFile; fileRef = F1EF76ED2CB7873F00EFFB20 /* WidgetKit.framework */; };
		F13095272CBC997200C4C7BA /* SwiftUI.framework in Frameworks */ = {isa = PBXBuildFile; fileRef = F1EF76EF2CB7873F00EFFB20 /* SwiftUI.framework */; };
		F13095302CBC997300C4C7BA /* Watch Widgets.appex in Embed Foundation Extensions */ = {isa = PBXBuildFile; fileRef = F13095252CBC997200C4C7BA /* Watch Widgets.appex */; settings = {ATTRIBUTES = (RemoveHeadersOnCopy, ); }; };
		F1612CC82CACC37300E602DC /* Nuke in Frameworks */ = {isa = PBXBuildFile; productRef = F1612CC72CACC37300E602DC /* Nuke */; };
		F1612CCA2CACC37300E602DC /* NukeUI in Frameworks */ = {isa = PBXBuildFile; productRef = F1612CC92CACC37300E602DC /* NukeUI */; };
		F1EF76C62CB4216F00EFFB20 /* Nuke in Frameworks */ = {isa = PBXBuildFile; productRef = F1EF76C52CB4216F00EFFB20 /* Nuke */; };
		F1EF76C82CB4216F00EFFB20 /* NukeUI in Frameworks */ = {isa = PBXBuildFile; productRef = F1EF76C72CB4216F00EFFB20 /* NukeUI */; };
		F1EF76EE2CB7873F00EFFB20 /* WidgetKit.framework in Frameworks */ = {isa = PBXBuildFile; fileRef = F1EF76ED2CB7873F00EFFB20 /* WidgetKit.framework */; };
		F1EF76F02CB7873F00EFFB20 /* SwiftUI.framework in Frameworks */ = {isa = PBXBuildFile; fileRef = F1EF76EF2CB7873F00EFFB20 /* SwiftUI.framework */; };
		F1EF76FF2CB7874000EFFB20 /* Widgets.appex in Embed Foundation Extensions */ = {isa = PBXBuildFile; fileRef = F1EF76EC2CB7873F00EFFB20 /* Widgets.appex */; platformFilters = (ios, maccatalyst, ); settings = {ATTRIBUTES = (RemoveHeadersOnCopy, ); }; };
		F31D45BC2D6DC6B700981B1C /* MCStatsDataLayer in Frameworks */ = {isa = PBXBuildFile; productRef = F31D45BB2D6DC6B700981B1C /* MCStatsDataLayer */; };
		F31D45C02D6DC6C200981B1C /* Nuke in Frameworks */ = {isa = PBXBuildFile; productRef = F31D45BF2D6DC6C200981B1C /* Nuke */; };
		F31D45C22D6DC6C600981B1C /* NukeUI in Frameworks */ = {isa = PBXBuildFile; productRef = F31D45C12D6DC6C600981B1C /* NukeUI */; };
		F325F93D2D80E84300FDF4D9 /* StoreKit.framework in Frameworks */ = {isa = PBXBuildFile; fileRef = F325F93C2D80E84300FDF4D9 /* StoreKit.framework */; };
		F3570D412D6E779500BDF069 /* Messages.framework in Frameworks */ = {isa = PBXBuildFile; fileRef = F3570D402D6E779500BDF069 /* Messages.framework */; };
		F35E1AB42D6522F400718CB7 /* NukeUI in Frameworks */ = {isa = PBXBuildFile; productRef = F35E1AB32D6522F400718CB7 /* NukeUI */; };
		F376E1822DDA3C3700D98252 /* ScrechKit in Frameworks */ = {isa = PBXBuildFile; productRef = F376E1812DDA3C3700D98252 /* ScrechKit */; };
		F376E1842DDA3C5000D98252 /* ScrechKit in Frameworks */ = {isa = PBXBuildFile; productRef = F376E1832DDA3C5000D98252 /* ScrechKit */; };
		F376E1862DDA3C5600D98252 /* ScrechKit in Frameworks */ = {isa = PBXBuildFile; productRef = F376E1852DDA3C5600D98252 /* ScrechKit */; };
		F376E1882DDA3C8000D98252 /* ScrechKit in Frameworks */ = {isa = PBXBuildFile; productRef = F376E1872DDA3C8000D98252 /* ScrechKit */; };
		F376E18A2DDA3CA800D98252 /* ScrechKit in Frameworks */ = {isa = PBXBuildFile; productRef = F376E1892DDA3CA800D98252 /* ScrechKit */; };
		F376E18C2DDA3CAE00D98252 /* ScrechKit in Frameworks */ = {isa = PBXBuildFile; productRef = F376E18B2DDA3CAE00D98252 /* ScrechKit */; };
		F376E18E2DDA3CBC00D98252 /* ScrechKit in Frameworks */ = {isa = PBXBuildFile; productRef = F376E18D2DDA3CBC00D98252 /* ScrechKit */; };
		F3BC6B202D6F56950016A68D /* MCStatsDataLayer in Frameworks */ = {isa = PBXBuildFile; productRef = F3BC6B1F2D6F56950016A68D /* MCStatsDataLayer */; };
		F3C1E4392D6C8CA400950F3D /* MCStatsDataLayer in Frameworks */ = {isa = PBXBuildFile; productRef = F3C1E4382D6C8CA400950F3D /* MCStatsDataLayer */; };
		F3C879FD2D6572FD00840745 /* Nuke in Frameworks */ = {isa = PBXBuildFile; productRef = F3C879FC2D6572FD00840745 /* Nuke */; };
		F3C879FF2D65730000840745 /* NukeUI in Frameworks */ = {isa = PBXBuildFile; productRef = F3C879FE2D65730000840745 /* NukeUI */; };
		F3C9235E2D6C6CD3004D31A9 /* MCStatsDataLayer in Frameworks */ = {isa = PBXBuildFile; productRef = F3C9235D2D6C6CD3004D31A9 /* MCStatsDataLayer */; };
		F3C923602D6C6CDC004D31A9 /* MCStatsDataLayer in Frameworks */ = {isa = PBXBuildFile; productRef = F3C9235F2D6C6CDC004D31A9 /* MCStatsDataLayer */; };
		F3C923622D6C6CE2004D31A9 /* MCStatsDataLayer in Frameworks */ = {isa = PBXBuildFile; productRef = F3C923612D6C6CE2004D31A9 /* MCStatsDataLayer */; };
		F3C923642D6C6CE7004D31A9 /* MCStatsDataLayer in Frameworks */ = {isa = PBXBuildFile; productRef = F3C923632D6C6CE7004D31A9 /* MCStatsDataLayer */; };
		F3C923662D6C6CF2004D31A9 /* MCStatsDataLayer in Frameworks */ = {isa = PBXBuildFile; productRef = F3C923652D6C6CF2004D31A9 /* MCStatsDataLayer */; };
		F3C923682D6C6CF6004D31A9 /* MCStatsDataLayer in Frameworks */ = {isa = PBXBuildFile; productRef = F3C923672D6C6CF6004D31A9 /* MCStatsDataLayer */; };
		F3D677652DD7E81700721DE8 /* Intents.appex in Embed ExtensionKit Extensions */ = {isa = PBXBuildFile; fileRef = F1406BA92AA391B800815BE8 /* Intents.appex */; settings = {ATTRIBUTES = (RemoveHeadersOnCopy, ); }; };
		F3DD086F2D75233300A67D4B /* NukeUI in Frameworks */ = {isa = PBXBuildFile; productRef = F3DD086E2D75233300A67D4B /* NukeUI */; };
		F3DD08712D75233600A67D4B /* Nuke in Frameworks */ = {isa = PBXBuildFile; productRef = F3DD08702D75233600A67D4B /* Nuke */; };
		F3F2E6432D8258C50078EA89 /* StoreKit.framework in Frameworks */ = {isa = PBXBuildFile; fileRef = F325F93C2D80E84300FDF4D9 /* StoreKit.framework */; };
		F3F2E6452D8258C90078EA89 /* StoreKit.framework in Frameworks */ = {isa = PBXBuildFile; fileRef = F3F2E6442D8258C90078EA89 /* StoreKit.framework */; };
		F3F5AD672E885E47007AD97D /* Appearance in Frameworks */ = {isa = PBXBuildFile; productRef = F3F5AD662E885E47007AD97D /* Appearance */; };
		F3F5AD742E886051007AD97D /* Appearance in Frameworks */ = {isa = PBXBuildFile; productRef = F3F5AD732E886051007AD97D /* Appearance */; };
		F3F5AD762E886058007AD97D /* Appearance in Frameworks */ = {isa = PBXBuildFile; productRef = F3F5AD752E886058007AD97D /* Appearance */; };
		F3FCD1F72E527A7D003BDE5E /* ScrechKit in Frameworks */ = {isa = PBXBuildFile; productRef = F3FCD1F62E527A7D003BDE5E /* ScrechKit */; };
		F3FCD1F92E527A8D003BDE5E /* ScrechKit in Frameworks */ = {isa = PBXBuildFile; productRef = F3FCD1F82E527A8D003BDE5E /* ScrechKit */; };
/* End PBXBuildFile section */

/* Begin PBXContainerItemProxy section */
		F11F63562A81E51000D47187 /* PBXContainerItemProxy */ = {
			isa = PBXContainerItemProxy;
			containerPortal = F13E5FF12A4BD614005BE9B2 /* Project object */;
			proxyType = 1;
			remoteGlobalIDString = F11F634A2A81E50E00D47187;
			remoteInfo = "MCStatusWatchApp Watch App";
		};
		F130952E2CBC997300C4C7BA /* PBXContainerItemProxy */ = {
			isa = PBXContainerItemProxy;
			containerPortal = F13E5FF12A4BD614005BE9B2 /* Project object */;
			proxyType = 1;
			remoteGlobalIDString = F13095242CBC997200C4C7BA;
			remoteInfo = MCStatusWatchWidgetExtension;
		};
		F1EF76CF2CB4496F00EFFB20 /* PBXContainerItemProxy */ = {
			isa = PBXContainerItemProxy;
			containerPortal = F13E5FF12A4BD614005BE9B2 /* Project object */;
			proxyType = 1;
			remoteGlobalIDString = F1406BA82AA391B800815BE8;
			remoteInfo = MCStatusAppIntentsExtension;
		};
		F1EF76FD2CB7874000EFFB20 /* PBXContainerItemProxy */ = {
			isa = PBXContainerItemProxy;
			containerPortal = F13E5FF12A4BD614005BE9B2 /* Project object */;
			proxyType = 1;
			remoteGlobalIDString = F1EF76EB2CB7873F00EFFB20;
			remoteInfo = MCStatusWidgetExtensionExtension;
		};
		F3D677662DD7E81700721DE8 /* PBXContainerItemProxy */ = {
			isa = PBXContainerItemProxy;
			containerPortal = F13E5FF12A4BD614005BE9B2 /* Project object */;
			proxyType = 1;
			remoteGlobalIDString = F1406BA82AA391B800815BE8;
			remoteInfo = Intents;
		};
/* End PBXContainerItemProxy section */

/* Begin PBXCopyFilesBuildPhase section */
		F11F635C2A81E51000D47187 /* Embed Watch Content */ = {
			isa = PBXCopyFilesBuildPhase;
			dstPath = "$(CONTENTS_FOLDER_PATH)/Watch";
			dstSubfolder = Product;
			files = (
				F11F63582A81E51000D47187 /* watchOS.app in Embed Watch Content */,
			);
			name = "Embed Watch Content";
		};
		F19528E92CBAB86800B56E5D /* Embed Foundation Extensions */ = {
			isa = PBXCopyFilesBuildPhase;
			dstPath = "";
			dstSubfolder = PlugIns;
			files = (
				F13095302CBC997300C4C7BA /* Watch Widgets.appex in Embed Foundation Extensions */,
			);
			name = "Embed Foundation Extensions";
		};
		F1EF77052CB7874100EFFB20 /* Embed Foundation Extensions */ = {
			isa = PBXCopyFilesBuildPhase;
			dstPath = "";
			dstSubfolder = PlugIns;
			files = (
				F1EF76FF2CB7874000EFFB20 /* Widgets.appex in Embed Foundation Extensions */,
			);
			name = "Embed Foundation Extensions";
		};
		F376E1582DD9F76300D98252 /* Embed Frameworks */ = {
			isa = PBXCopyFilesBuildPhase;
			dstPath = "";
			dstSubfolder = Frameworks;
			files = (
			);
			name = "Embed Frameworks";
		};
		F376E15A2DD9F76700D98252 /* Embed Frameworks */ = {
			isa = PBXCopyFilesBuildPhase;
			dstPath = "";
			dstSubfolder = Frameworks;
			files = (
			);
			name = "Embed Frameworks";
		};
		F376E15C2DD9F77000D98252 /* Embed Frameworks */ = {
			isa = PBXCopyFilesBuildPhase;
			dstPath = "";
			dstSubfolder = Frameworks;
			files = (
			);
			name = "Embed Frameworks";
		};
		F376E1602DD9F7E200D98252 /* Embed Frameworks */ = {
			isa = PBXCopyFilesBuildPhase;
			dstPath = "";
			dstSubfolder = Frameworks;
			files = (
			);
			name = "Embed Frameworks";
		};
		F3D677682DD7E81700721DE8 /* Embed ExtensionKit Extensions */ = {
			isa = PBXCopyFilesBuildPhase;
			dstPath = "$(EXTENSIONS_FOLDER_PATH)";
			dstSubfolder = Product;
			files = (
				F3D677652DD7E81700721DE8 /* Intents.appex in Embed ExtensionKit Extensions */,
			);
			name = "Embed ExtensionKit Extensions";
		};
/* End PBXCopyFilesBuildPhase section */

/* Begin PBXFileReference section */
		F11F634B2A81E50E00D47187 /* watchOS.app */ = {isa = PBXFileReference; explicitFileType = wrapper.application; includeInIndex = 0; path = watchOS.app; sourceTree = BUILT_PRODUCTS_DIR; };
		F13095252CBC997200C4C7BA /* Watch Widgets.appex */ = {isa = PBXFileReference; explicitFileType = "wrapper.app-extension"; includeInIndex = 0; path = "Watch Widgets.appex"; sourceTree = BUILT_PRODUCTS_DIR; };
		F13E5FF92A4BD614005BE9B2 /* iOS.app */ = {isa = PBXFileReference; explicitFileType = wrapper.application; includeInIndex = 0; path = iOS.app; sourceTree = BUILT_PRODUCTS_DIR; };
		F1406BA92AA391B800815BE8 /* Intents.appex */ = {isa = PBXFileReference; explicitFileType = "wrapper.extensionkit-extension"; includeInIndex = 0; path = Intents.appex; sourceTree = BUILT_PRODUCTS_DIR; };
		F1EF76EC2CB7873F00EFFB20 /* Widgets.appex */ = {isa = PBXFileReference; explicitFileType = "wrapper.app-extension"; includeInIndex = 0; path = Widgets.appex; sourceTree = BUILT_PRODUCTS_DIR; };
		F1EF76ED2CB7873F00EFFB20 /* WidgetKit.framework */ = {isa = PBXFileReference; lastKnownFileType = wrapper.framework; name = WidgetKit.framework; path = System/Library/Frameworks/WidgetKit.framework; sourceTree = SDKROOT; };
		F1EF76EF2CB7873F00EFFB20 /* SwiftUI.framework */ = {isa = PBXFileReference; lastKnownFileType = wrapper.framework; name = SwiftUI.framework; path = System/Library/Frameworks/SwiftUI.framework; sourceTree = SDKROOT; };
		F31D45A12D6DC62600981B1C /* MC Stats.app */ = {isa = PBXFileReference; explicitFileType = wrapper.application; includeInIndex = 0; path = "MC Stats.app"; sourceTree = BUILT_PRODUCTS_DIR; };
		F325F93C2D80E84300FDF4D9 /* StoreKit.framework */ = {isa = PBXFileReference; lastKnownFileType = wrapper.framework; name = StoreKit.framework; path = System/Library/Frameworks/StoreKit.framework; sourceTree = SDKROOT; };
		F3570D3C2D6E779500BDF069 /* iMessages.appex */ = {isa = PBXFileReference; explicitFileType = "wrapper.app-extension"; includeInIndex = 0; path = iMessages.appex; sourceTree = BUILT_PRODUCTS_DIR; };
		F3570D402D6E779500BDF069 /* Messages.framework */ = {isa = PBXFileReference; lastKnownFileType = wrapper.framework; name = Messages.framework; path = Library/Frameworks/Messages.framework; sourceTree = DEVELOPER_DIR; };
		F35E1A7D2D6501A500718CB7 /* visionOS.app */ = {isa = PBXFileReference; explicitFileType = wrapper.application; includeInIndex = 0; path = visionOS.app; sourceTree = BUILT_PRODUCTS_DIR; };
		F360A8AE2D6C6BC3008E515E /* MCStatsDataLayer */ = {isa = PBXFileReference; lastKnownFileType = wrapper; path = MCStatsDataLayer; sourceTree = "<group>"; };
		F3AE99DC2E2F884A00D70249 /* LICENSE */ = {isa = PBXFileReference; lastKnownFileType = text; path = LICENSE; sourceTree = "<group>"; };
		F3AE99DD2E2F884A00D70249 /* README.md */ = {isa = PBXFileReference; lastKnownFileType = net.daringfireball.markdown; path = README.md; sourceTree = "<group>"; };
		F3C879BD2D65720500840745 /* tvOS.app */ = {isa = PBXFileReference; explicitFileType = wrapper.application; includeInIndex = 0; path = tvOS.app; sourceTree = BUILT_PRODUCTS_DIR; };
		F3F2E6412D8258AF0078EA89 /* StoreKit.framework */ = {isa = PBXFileReference; lastKnownFileType = wrapper.framework; name = StoreKit.framework; path = Platforms/AppleTVOS.platform/Developer/SDKs/AppleTVOS18.4.sdk/System/Library/Frameworks/StoreKit.framework; sourceTree = DEVELOPER_DIR; };
		F3F2E6442D8258C90078EA89 /* StoreKit.framework */ = {isa = PBXFileReference; lastKnownFileType = wrapper.framework; name = StoreKit.framework; path = Platforms/WatchOS.platform/Developer/SDKs/WatchOS11.4.sdk/System/Library/Frameworks/StoreKit.framework; sourceTree = DEVELOPER_DIR; };
/* End PBXFileReference section */

/* Begin PBXFileSystemSynchronizedBuildFileExceptionSet section */
		F383A9052ECF324800350A0F /* Exceptions for "visionOS" folder in "visionOS" target */ = {
			isa = PBXFileSystemSynchronizedBuildFileExceptionSet;
			membershipExceptions = (
				"visionOS Icon.xcassets",
			);
			target = F35E1A7C2D6501A500718CB7 /* visionOS */;
		};
		F383A90B2ECF324B00350A0F /* Exceptions for "tvOS" folder in "tvOS" target */ = {
			isa = PBXFileSystemSynchronizedBuildFileExceptionSet;
			membershipExceptions = (
				Assets.xcassets,
			);
			target = F3C879BC2D65720500840745 /* tvOS */;
		};
		F383A9112ECF325000350A0F /* Exceptions for "macOS" folder in "macOS" target */ = {
			isa = PBXFileSystemSynchronizedBuildFileExceptionSet;
			membershipExceptions = (
				EditServerView.swift,
			);
			target = F31D45A02D6DC62600981B1C /* macOS */;
		};
		F383A9172ECF325400350A0F /* Exceptions for "Widgets watchOS" folder in "Watch Widgets" target */ = {
			isa = PBXFileSystemSynchronizedBuildFileExceptionSet;
			membershipExceptions = (
				Assets.xcassets,
			);
			target = F13095242CBC997200C4C7BA /* Watch Widgets */;
		};
		F383A9262ECF326A00350A0F /* Exceptions for "iMessage" folder in "iMessages" target */ = {
			isa = PBXFileSystemSynchronizedBuildFileExceptionSet;
			membershipExceptions = (
				iMessage.plist,
			);
			target = F3570D3B2D6E779500BDF069 /* iMessages */;
		};
		F383A9742ECF327700350A0F /* Exceptions for "Intents" folder in "iOS" target */ = {
			isa = PBXFileSystemSynchronizedBuildFileExceptionSet;
			membershipExceptions = (
				Entities/IntentErrors.swift,
				Entities/Shortcuts/SavedServerEntity.swift,
				Entities/Shortcuts/ServerStatusEntity.swift,
				Intents/Shortcuts/ArbitraryServerStatusOnlineCheckIntent.swift,
				Intents/Shortcuts/SavedServerStatusOnlineCheckIntent.swift,
				Providers/ShortcutsProvider.swift,
			);
			target = F13E5FF82A4BD614005BE9B2 /* iOS */;
		};
		F383A9752ECF327700350A0F /* Exceptions for "Intents" folder in "watchOS" target */ = {
			isa = PBXFileSystemSynchronizedBuildFileExceptionSet;
			membershipExceptions = (
				Entities/IntentErrors.swift,
				Entities/Shortcuts/SavedServerEntity.swift,
				Entities/Shortcuts/ServerStatusEntity.swift,
				Intents/Shortcuts/ArbitraryServerStatusOnlineCheckIntent.swift,
				Intents/Shortcuts/SavedServerStatusOnlineCheckIntent.swift,
				Providers/ShortcutsProvider.swift,
			);
			target = F11F634A2A81E50E00D47187 /* watchOS */;
		};
		F383A9762ECF327700350A0F /* Exceptions for "Intents" folder in "macOS" target */ = {
			isa = PBXFileSystemSynchronizedBuildFileExceptionSet;
			membershipExceptions = (
				Entities/IntentErrors.swift,
				Entities/Shortcuts/SavedServerEntity.swift,
				Entities/Shortcuts/ServerStatusEntity.swift,
				Intents/Shortcuts/SavedServerStatusOnlineCheckIntent.swift,
				Providers/ShortcutsProvider.swift,
			);
			target = F31D45A02D6DC62600981B1C /* macOS */;
		};
		F383A9772ECF327700350A0F /* Exceptions for "Intents" folder in "tvOS" target */ = {
			isa = PBXFileSystemSynchronizedBuildFileExceptionSet;
			membershipExceptions = (
				Entities/IntentErrors.swift,
				Entities/Shortcuts/SavedServerEntity.swift,
				Entities/Shortcuts/ServerStatusEntity.swift,
				Intents/Shortcuts/SavedServerStatusOnlineCheckIntent.swift,
				Providers/ShortcutsProvider.swift,
			);
			target = F3C879BC2D65720500840745 /* tvOS */;
		};
		F383A9782ECF327700350A0F /* Exceptions for "Intents" folder in "visionOS" target */ = {
			isa = PBXFileSystemSynchronizedBuildFileExceptionSet;
			membershipExceptions = (
				Entities/IntentErrors.swift,
				Entities/Shortcuts/SavedServerEntity.swift,
				Entities/Shortcuts/ServerStatusEntity.swift,
				Intents/Shortcuts/SavedServerStatusOnlineCheckIntent.swift,
				Providers/ShortcutsProvider.swift,
			);
			target = F35E1A7C2D6501A500718CB7 /* visionOS */;
		};
		F383A9792ECF327700350A0F /* Exceptions for "Intents" folder in "Intents" target */ = {
			isa = PBXFileSystemSynchronizedBuildFileExceptionSet;
			membershipExceptions = (
				Intents.plist,
			);
			target = F1406BA82AA391B800815BE8 /* Intents */;
		};
		F383A97A2ECF327700350A0F /* Exceptions for "Intents" folder in "Widgets" target */ = {
			isa = PBXFileSystemSynchronizedBuildFileExceptionSet;
			membershipExceptions = (
				Entities/Widget/ServerIntentTypeAppEntity.swift,
				Entities/Widget/ThemeIntentTypeAppEntity.swift,
				Intents/Widget/RefreshWidgetIntent.swift,
				Intents/Widget/SelectServerIntent.swift,
				Intents/Widget/ServerSelectNoThemeWidgetIntent.swift,
			);
			target = F1EF76EB2CB7873F00EFFB20 /* Widgets */;
		};
		F383A97B2ECF327700350A0F /* Exceptions for "Intents" folder in "Watch Widgets" target */ = {
			isa = PBXFileSystemSynchronizedBuildFileExceptionSet;
			membershipExceptions = (
				Entities/Widget/ServerIntentTypeAppEntity.swift,
				Entities/Widget/ThemeIntentTypeAppEntity.swift,
				Intents/Widget/RefreshWidgetIntent.swift,
				Intents/Widget/SelectServerIntent.swift,
				Intents/Widget/ServerSelectNoThemeWidgetIntent.swift,
			);
			target = F13095242CBC997200C4C7BA /* Watch Widgets */;
		};
		F383A97C2ECF327700350A0F /* Exceptions for "Intents" folder in "iMessages" target */ = {
			isa = PBXFileSystemSynchronizedBuildFileExceptionSet;
			membershipExceptions = (
				Entities/IntentErrors.swift,
				Entities/Shortcuts/SavedServerEntity.swift,
				Entities/Shortcuts/ServerStatusEntity.swift,
				Intents/Shortcuts/SavedServerStatusOnlineCheckIntent.swift,
				Providers/ShortcutsProvider.swift,
			);
			target = F3570D3B2D6E779500BDF069 /* iMessages */;
		};
		F383A9D92ECF329400350A0F /* Exceptions for "Widgets" folder in "Widgets" target */ = {
			isa = PBXFileSystemSynchronizedBuildFileExceptionSet;
			membershipExceptions = (
				Widgets.plist,
			);
			target = F1EF76EB2CB7873F00EFFB20 /* Widgets */;
		};
		F383A9DA2ECF329400350A0F /* Exceptions for "Widgets" folder in "Watch Widgets" target */ = {
			isa = PBXFileSystemSynchronizedBuildFileExceptionSet;
			membershipExceptions = (
				Assets.xcassets,
				MinecraftServerStatusHSWidget.swift,
				"Timeline Providers/Homescreen Provider.swift",
				"Views/Medium Widget View.swift",
				"Views/Small Widget View.swift",
				Widgets.plist,
			);
			target = F13095242CBC997200C4C7BA /* Watch Widgets */;
		};
		F383A9FB2ECF329D00350A0F /* Exceptions for "watchOS" folder in "watchOS" target */ = {
			isa = PBXFileSystemSynchronizedBuildFileExceptionSet;
			membershipExceptions = (
				watchOS.plist,
			);
			target = F11F634A2A81E50E00D47187 /* watchOS */;
		};
		F383A9FC2ECF329D00350A0F /* Exceptions for "watchOS" folder in "Intents" target */ = {
			isa = PBXFileSystemSynchronizedBuildFileExceptionSet;
			membershipExceptions = (
				Helpers/ConnectivityProvider.swift,
				Helpers/ExpectedResultBatch.swift,
				Helpers/WatchServerStatusChecker.swift,
			);
			target = F1406BA82AA391B800815BE8 /* Intents */;
		};
		F383A9FD2ECF329D00350A0F /* Exceptions for "watchOS" folder in "Watch Widgets" target */ = {
			isa = PBXFileSystemSynchronizedBuildFileExceptionSet;
			membershipExceptions = (
				Helpers/ConnectivityProvider.swift,
				Helpers/ExpectedResultBatch.swift,
				Helpers/WatchServerStatusChecker.swift,
			);
			target = F13095242CBC997200C4C7BA /* Watch Widgets */;
		};
		F383BF422ECF386800350A0F /* Exceptions for "MC Stats" folder in "watchOS" target */ = {
			isa = PBXFileSystemSynchronizedBuildFileExceptionSet;
			membershipExceptions = (
				AppIcon.icon,
				EditServerViewHelper.swift,
				Enthusiast.icon,
				Helpers/ConfigHelper.swift,
				Helpers/CustomExtentions.swift,
				Helpers/CustomProgressView.swift,
				Helpers/MOTDViewGenerator.swift,
				Helpers/RefreshWidgets.swift,
				Helpers/ReviewHelper.swift,
				Legend.icon,
				Localizable.xcstrings,
				MCStats.swift,
				Nav/AppContainerHelper.swift,
				Nav/PageDestinations.swift,
				"Server Details/MOTDView.swift",
				"Server Details/PlayerList.swift",
				"Server Details/ServerDetailsHelper.swift",
				Settings/AppSettingsDebug.swift,
				"Shared Assets.xcassets",
				Supporter.icon,
			);
			target = F11F634A2A81E50E00D47187 /* watchOS */;
		};
		F383BF432ECF386800350A0F /* Exceptions for "MC Stats" folder in "macOS" target */ = {
			isa = PBXFileSystemSynchronizedBuildFileExceptionSet;
			membershipExceptions = (
				EditServerView.swift,
				Helpers/WatchHelper.swift,
				InfoPlist.xcstrings,
				Other/Fonts/MinecraftBold.otf,
				Other/Fonts/MinecraftBoldItalic.otf,
				Other/Fonts/MinecraftItalic.otf,
				Other/Fonts/MinecraftRegular.otf,
				Other/iOS.plist,
			);
			target = F31D45A02D6DC62600981B1C /* macOS */;
		};
		F383BF442ECF386800350A0F /* Exceptions for "MC Stats" folder in "tvOS" target */ = {
			isa = PBXFileSystemSynchronizedBuildFileExceptionSet;
			membershipExceptions = (
				AppIcon.icon,
				Assets.xcassets,
				Enthusiast.icon,
				Helpers/ValueStore.swift,
				Helpers/WatchHelper.swift,
				InfoPlist.xcstrings,
				Legend.icon,
				Supporter.icon,
			);
			target = F3C879BC2D65720500840745 /* tvOS */;
		};
		F383BF452ECF386800350A0F /* Exceptions for "MC Stats" folder in "visionOS" target */ = {
			isa = PBXFileSystemSynchronizedBuildFileExceptionSet;
			membershipExceptions = (
				AppIcon.icon,
				Assets.xcassets,
				Enthusiast.icon,
				Helpers/ValueStore.swift,
				Helpers/WatchHelper.swift,
				InfoPlist.xcstrings,
				Legend.icon,
				Supporter.icon,
			);
			target = F35E1A7C2D6501A500718CB7 /* visionOS */;
		};
		F383BF462ECF386800350A0F /* Exceptions for "MC Stats" folder in "Intents" target */ = {
			isa = PBXFileSystemSynchronizedBuildFileExceptionSet;
			membershipExceptions = (
				Helpers/ConfigHelper.swift,
				Helpers/CustomExtentions.swift,
				Helpers/MOTDViewGenerator.swift,
				Helpers/ReviewHelper.swift,
				Localizable.xcstrings,
			);
			target = F1406BA82AA391B800815BE8 /* Intents */;
		};
		F383BF472ECF386800350A0F /* Exceptions for "MC Stats" folder in "Widgets" target */ = {
			isa = PBXFileSystemSynchronizedBuildFileExceptionSet;
			membershipExceptions = (
				AppIcon.icon,
				Helpers/ConfigHelper.swift,
				Helpers/CustomExtentions.swift,
				Helpers/CustomProgressView.swift,
				Helpers/MOTDViewGenerator.swift,
				Helpers/ReviewHelper.swift,
				Localizable.xcstrings,
			);
			target = F1EF76EB2CB7873F00EFFB20 /* Widgets */;
		};
		F383BF482ECF386800350A0F /* Exceptions for "MC Stats" folder in "Watch Widgets" target */ = {
			isa = PBXFileSystemSynchronizedBuildFileExceptionSet;
			membershipExceptions = (
				AppIcon.icon,
				Helpers/CustomExtentions.swift,
				Helpers/CustomProgressView.swift,
				Helpers/MOTDViewGenerator.swift,
				Helpers/ReviewHelper.swift,
				Localizable.xcstrings,
			);
			target = F13095242CBC997200C4C7BA /* Watch Widgets */;
		};
		F383BF492ECF386800350A0F /* Exceptions for "MC Stats" folder in "iMessages" target */ = {
			isa = PBXFileSystemSynchronizedBuildFileExceptionSet;
			membershipExceptions = (
				AppIcon.icon,
				Enthusiast.icon,
				InfoPlist.xcstrings,
				Legend.icon,
				MCStats.swift,
				Other/Fonts/MinecraftBold.otf,
				Other/Fonts/MinecraftBoldItalic.otf,
				Other/Fonts/MinecraftItalic.otf,
				Other/Fonts/MinecraftRegular.otf,
				Other/iOS.plist,
				Supporter.icon,
			);
			target = F3570D3B2D6E779500BDF069 /* iMessages */;
		};
		F3E14B782F22D6ED00124D7D /* Exceptions for "MC Stats" folder in "iOS" target */ = {
			isa = PBXFileSystemSynchronizedBuildFileExceptionSet;
			membershipExceptions = (
				Other/iOS.plist,
			);
			target = F13E5FF82A4BD614005BE9B2 /* iOS */;
		};
/* End PBXFileSystemSynchronizedBuildFileExceptionSet section */

/* Begin PBXFileSystemSynchronizedRootGroup section */
		F383A9032ECF324800350A0F /* visionOS */ = {
			isa = PBXFileSystemSynchronizedRootGroup;
			exceptions = (
				F383A9052ECF324800350A0F /* Exceptions for "visionOS" folder in "visionOS" target */,
			);
			path = visionOS;
			sourceTree = "<group>";
		};
		F383A9092ECF324B00350A0F /* tvOS */ = {
			isa = PBXFileSystemSynchronizedRootGroup;
			exceptions = (
				F383A90B2ECF324B00350A0F /* Exceptions for "tvOS" folder in "tvOS" target */,
			);
			path = tvOS;
			sourceTree = "<group>";
		};
		F383A90F2ECF325000350A0F /* macOS */ = {
			isa = PBXFileSystemSynchronizedRootGroup;
			exceptions = (
				F383A9112ECF325000350A0F /* Exceptions for "macOS" folder in "macOS" target */,
			);
			path = macOS;
			sourceTree = "<group>";
		};
		F383A9152ECF325400350A0F /* Widgets watchOS */ = {
			isa = PBXFileSystemSynchronizedRootGroup;
			exceptions = (
				F383A9172ECF325400350A0F /* Exceptions for "Widgets watchOS" folder in "Watch Widgets" target */,
			);
			path = "Widgets watchOS";
			sourceTree = "<group>";
		};
		F383A91F2ECF326A00350A0F /* iMessage */ = {
			isa = PBXFileSystemSynchronizedRootGroup;
			exceptions = (
				F383A9262ECF326A00350A0F /* Exceptions for "iMessage" folder in "iMessages" target */,
			);
			path = iMessage;
			sourceTree = "<group>";
		};
		F383A93C2ECF327700350A0F /* Intents */ = {
			isa = PBXFileSystemSynchronizedRootGroup;
			exceptions = (
				F383A9742ECF327700350A0F /* Exceptions for "Intents" folder in "iOS" target */,
				F383A9752ECF327700350A0F /* Exceptions for "Intents" folder in "watchOS" target */,
				F383A9762ECF327700350A0F /* Exceptions for "Intents" folder in "macOS" target */,
				F383A9772ECF327700350A0F /* Exceptions for "Intents" folder in "tvOS" target */,
				F383A9782ECF327700350A0F /* Exceptions for "Intents" folder in "visionOS" target */,
				F383A9792ECF327700350A0F /* Exceptions for "Intents" folder in "Intents" target */,
				F383A97A2ECF327700350A0F /* Exceptions for "Intents" folder in "Widgets" target */,
				F383A97B2ECF327700350A0F /* Exceptions for "Intents" folder in "Watch Widgets" target */,
				F383A97C2ECF327700350A0F /* Exceptions for "Intents" folder in "iMessages" target */,
			);
			path = Intents;
			sourceTree = "<group>";
		};
		F383A9B82ECF329400350A0F /* Widgets */ = {
			isa = PBXFileSystemSynchronizedRootGroup;
			exceptions = (
				F383A9D92ECF329400350A0F /* Exceptions for "Widgets" folder in "Widgets" target */,
				F383A9DA2ECF329400350A0F /* Exceptions for "Widgets" folder in "Watch Widgets" target */,
			);
			path = Widgets;
			sourceTree = "<group>";
		};
		F383A9E92ECF329D00350A0F /* watchOS */ = {
			isa = PBXFileSystemSynchronizedRootGroup;
			exceptions = (
				F383A9FB2ECF329D00350A0F /* Exceptions for "watchOS" folder in "watchOS" target */,
				F383A9FC2ECF329D00350A0F /* Exceptions for "watchOS" folder in "Intents" target */,
				F383A9FD2ECF329D00350A0F /* Exceptions for "watchOS" folder in "Watch Widgets" target */,
			);
			path = watchOS;
			sourceTree = "<group>";
		};
		F383BE082ECF386800350A0F /* MC Stats */ = {
			isa = PBXFileSystemSynchronizedRootGroup;
			exceptions = (
				F3E14B782F22D6ED00124D7D /* Exceptions for "MC Stats" folder in "iOS" target */,
				F383BF422ECF386800350A0F /* Exceptions for "MC Stats" folder in "watchOS" target */,
				F383BF432ECF386800350A0F /* Exceptions for "MC Stats" folder in "macOS" target */,
				F383BF442ECF386800350A0F /* Exceptions for "MC Stats" folder in "tvOS" target */,
				F383BF452ECF386800350A0F /* Exceptions for "MC Stats" folder in "visionOS" target */,
				F383BF462ECF386800350A0F /* Exceptions for "MC Stats" folder in "Intents" target */,
				F383BF472ECF386800350A0F /* Exceptions for "MC Stats" folder in "Widgets" target */,
				F383BF482ECF386800350A0F /* Exceptions for "MC Stats" folder in "Watch Widgets" target */,
				F383BF492ECF386800350A0F /* Exceptions for "MC Stats" folder in "iMessages" target */,
			);
			path = "MC Stats";
			sourceTree = "<group>";
		};
/* End PBXFileSystemSynchronizedRootGroup section */

/* Begin PBXFrameworksBuildPhase section */
		F11F63482A81E50E00D47187 /* Frameworks */ = {
			isa = PBXFrameworksBuildPhase;
			files = (
				F1EF76C82CB4216F00EFFB20 /* NukeUI in Frameworks */,
				F376E1882DDA3C8000D98252 /* ScrechKit in Frameworks */,
				F3F2E6452D8258C90078EA89 /* StoreKit.framework in Frameworks */,
				F3C9235E2D6C6CD3004D31A9 /* MCStatsDataLayer in Frameworks */,
				F1EF76C62CB4216F00EFFB20 /* Nuke in Frameworks */,
			);
		};
		F13095222CBC997200C4C7BA /* Frameworks */ = {
			isa = PBXFrameworksBuildPhase;
			files = (
				F13095272CBC997200C4C7BA /* SwiftUI.framework in Frameworks */,
				F376E18C2DDA3CAE00D98252 /* ScrechKit in Frameworks */,
				F3C923682D6C6CF6004D31A9 /* MCStatsDataLayer in Frameworks */,
				F13095262CBC997200C4C7BA /* WidgetKit.framework in Frameworks */,
			);
		};
		F13E5FF62A4BD614005BE9B2 /* Frameworks */ = {
			isa = PBXFrameworksBuildPhase;
			files = (
				F1612CCA2CACC37300E602DC /* NukeUI in Frameworks */,
				F3FCD1F92E527A8D003BDE5E /* ScrechKit in Frameworks */,
				F325F93D2D80E84300FDF4D9 /* StoreKit.framework in Frameworks */,
				F3C1E4392D6C8CA400950F3D /* MCStatsDataLayer in Frameworks */,
				F3F5AD672E885E47007AD97D /* Appearance in Frameworks */,
				F1612CC82CACC37300E602DC /* Nuke in Frameworks */,
			);
		};
		F1406BA62AA391B800815BE8 /* Frameworks */ = {
			isa = PBXFrameworksBuildPhase;
			files = (
				F3C923642D6C6CE7004D31A9 /* MCStatsDataLayer in Frameworks */,
				F3FCD1F72E527A7D003BDE5E /* ScrechKit in Frameworks */,
			);
		};
		F1EF76E92CB7873F00EFFB20 /* Frameworks */ = {
			isa = PBXFrameworksBuildPhase;
			files = (
				F1EF76F02CB7873F00EFFB20 /* SwiftUI.framework in Frameworks */,
				F376E18A2DDA3CA800D98252 /* ScrechKit in Frameworks */,
				F3C923662D6C6CF2004D31A9 /* MCStatsDataLayer in Frameworks */,
				F1EF76EE2CB7873F00EFFB20 /* WidgetKit.framework in Frameworks */,
			);
		};
		F31D459E2D6DC62600981B1C /* Frameworks */ = {
			isa = PBXFrameworksBuildPhase;
			files = (
				F31D45C02D6DC6C200981B1C /* Nuke in Frameworks */,
				F376E1862DDA3C5600D98252 /* ScrechKit in Frameworks */,
				F31D45BC2D6DC6B700981B1C /* MCStatsDataLayer in Frameworks */,
				F3F2E6432D8258C50078EA89 /* StoreKit.framework in Frameworks */,
				F3F5AD742E886051007AD97D /* Appearance in Frameworks */,
				F31D45C22D6DC6C600981B1C /* NukeUI in Frameworks */,
			);
		};
		F3570D392D6E779500BDF069 /* Frameworks */ = {
			isa = PBXFrameworksBuildPhase;
			files = (
				F3BC6B202D6F56950016A68D /* MCStatsDataLayer in Frameworks */,
				F376E18E2DDA3CBC00D98252 /* ScrechKit in Frameworks */,
				F3570D412D6E779500BDF069 /* Messages.framework in Frameworks */,
				F3DD086F2D75233300A67D4B /* NukeUI in Frameworks */,
				F3F5AD762E886058007AD97D /* Appearance in Frameworks */,
				F3DD08712D75233600A67D4B /* Nuke in Frameworks */,
			);
		};
		F35E1A7A2D6501A500718CB7 /* Frameworks */ = {
			isa = PBXFrameworksBuildPhase;
			files = (
				F376E1822DDA3C3700D98252 /* ScrechKit in Frameworks */,
				F3C923622D6C6CE2004D31A9 /* MCStatsDataLayer in Frameworks */,
				F35E1AB42D6522F400718CB7 /* NukeUI in Frameworks */,
			);
		};
		F3C879BA2D65720500840745 /* Frameworks */ = {
			isa = PBXFrameworksBuildPhase;
			files = (
				F3C879FD2D6572FD00840745 /* Nuke in Frameworks */,
				F376E1842DDA3C5000D98252 /* ScrechKit in Frameworks */,
				F3C923602D6C6CDC004D31A9 /* MCStatsDataLayer in Frameworks */,
				F3C879FF2D65730000840745 /* NukeUI in Frameworks */,
			);
		};
/* End PBXFrameworksBuildPhase section */

/* Begin PBXGroup section */
		F10C421B2AAE40BC000107D6 /* Frameworks */ = {
			isa = PBXGroup;
			children = (
				F3F2E6442D8258C90078EA89 /* StoreKit.framework */,
				F3F2E6412D8258AF0078EA89 /* StoreKit.framework */,
				F325F93C2D80E84300FDF4D9 /* StoreKit.framework */,
				F1EF76ED2CB7873F00EFFB20 /* WidgetKit.framework */,
				F1EF76EF2CB7873F00EFFB20 /* SwiftUI.framework */,
				F3570D402D6E779500BDF069 /* Messages.framework */,
			);
			name = Frameworks;
			sourceTree = "<group>";
		};
		F13E5FF02A4BD614005BE9B2 = {
			isa = PBXGroup;
			children = (
				F3AE99DC2E2F884A00D70249 /* LICENSE */,
				F3AE99DD2E2F884A00D70249 /* README.md */,
				F383BE082ECF386800350A0F /* MC Stats */,
				F383A9E92ECF329D00350A0F /* watchOS */,
				F383A90F2ECF325000350A0F /* macOS */,
				F383A9032ECF324800350A0F /* visionOS */,
				F383A9092ECF324B00350A0F /* tvOS */,
				F383A9B82ECF329400350A0F /* Widgets */,
				F383A9152ECF325400350A0F /* Widgets watchOS */,
				F383A91F2ECF326A00350A0F /* iMessage */,
				F383A93C2ECF327700350A0F /* Intents */,
				F360A8AE2D6C6BC3008E515E /* MCStatsDataLayer */,
				F13E5FFA2A4BD614005BE9B2 /* Products */,
				F10C421B2AAE40BC000107D6 /* Frameworks */,
			);
			sourceTree = "<group>";
		};
		F13E5FFA2A4BD614005BE9B2 /* Products */ = {
			isa = PBXGroup;
			children = (
				F13E5FF92A4BD614005BE9B2 /* iOS.app */,
				F11F634B2A81E50E00D47187 /* watchOS.app */,
				F1406BA92AA391B800815BE8 /* Intents.appex */,
				F1EF76EC2CB7873F00EFFB20 /* Widgets.appex */,
				F13095252CBC997200C4C7BA /* Watch Widgets.appex */,
				F35E1A7D2D6501A500718CB7 /* visionOS.app */,
				F3C879BD2D65720500840745 /* tvOS.app */,
				F31D45A12D6DC62600981B1C /* MC Stats.app */,
				F3570D3C2D6E779500BDF069 /* iMessages.appex */,
			);
			name = Products;
			sourceTree = "<group>";
		};
/* End PBXGroup section */

/* Begin PBXNativeTarget section */
		F11F634A2A81E50E00D47187 /* watchOS */ = {
			isa = PBXNativeTarget;
			buildConfigurationList = F11F63592A81E51000D47187 /* Build configuration list for PBXNativeTarget "watchOS" */;
			buildPhases = (
				F11F63472A81E50E00D47187 /* Sources */,
				F11F63482A81E50E00D47187 /* Frameworks */,
				F11F63492A81E50E00D47187 /* Resources */,
				F19528E92CBAB86800B56E5D /* Embed Foundation Extensions */,
			);
			buildRules = (
			);
			dependencies = (
				F1EF76D02CB4496F00EFFB20 /* PBXTargetDependency */,
				F130952F2CBC997300C4C7BA /* PBXTargetDependency */,
			);
			fileSystemSynchronizedGroups = (
				F383A9E92ECF329D00350A0F /* watchOS */,
			);
			name = watchOS;
			packageProductDependencies = (
				F1EF76C52CB4216F00EFFB20 /* Nuke */,
				F1EF76C72CB4216F00EFFB20 /* NukeUI */,
				F3C9235D2D6C6CD3004D31A9 /* MCStatsDataLayer */,
				F376E1872DDA3C8000D98252 /* ScrechKit */,
			);
			productName = "MCStatusWatchApp Watch App";
			productReference = F11F634B2A81E50E00D47187 /* watchOS.app */;
			productType = "com.apple.product-type.application";
		};
		F13095242CBC997200C4C7BA /* Watch Widgets */ = {
			isa = PBXNativeTarget;
			buildConfigurationList = F13095312CBC997300C4C7BA /* Build configuration list for PBXNativeTarget "Watch Widgets" */;
			buildPhases = (
				F13095212CBC997200C4C7BA /* Sources */,
				F13095222CBC997200C4C7BA /* Frameworks */,
				F13095232CBC997200C4C7BA /* Resources */,
			);
			buildRules = (
			);
			fileSystemSynchronizedGroups = (
				F383A9B82ECF329400350A0F /* Widgets */,
			);
			name = "Watch Widgets";
			packageProductDependencies = (
				F3C923672D6C6CF6004D31A9 /* MCStatsDataLayer */,
				F376E18B2DDA3CAE00D98252 /* ScrechKit */,
			);
			productName = MCStatusWatchWidgetExtension;
			productReference = F13095252CBC997200C4C7BA /* Watch Widgets.appex */;
			productType = "com.apple.product-type.app-extension";
		};
		F13E5FF82A4BD614005BE9B2 /* iOS */ = {
			isa = PBXNativeTarget;
			buildConfigurationList = F13E600B2A4BD615005BE9B2 /* Build configuration list for PBXNativeTarget "iOS" */;
			buildPhases = (
				F13E5FF52A4BD614005BE9B2 /* Sources */,
				F13E5FF62A4BD614005BE9B2 /* Frameworks */,
				F13E5FF72A4BD614005BE9B2 /* Resources */,
				F11F635C2A81E51000D47187 /* Embed Watch Content */,
				F1EF77052CB7874100EFFB20 /* Embed Foundation Extensions */,
				F3D677682DD7E81700721DE8 /* Embed ExtensionKit Extensions */,
				F376E1602DD9F7E200D98252 /* Embed Frameworks */,
			);
			buildRules = (
			);
			dependencies = (
				F11F63572A81E51000D47187 /* PBXTargetDependency */,
				F1EF76FE2CB7874000EFFB20 /* PBXTargetDependency */,
				F3D677672DD7E81700721DE8 /* PBXTargetDependency */,
			);
			fileSystemSynchronizedGroups = (
				F383BE082ECF386800350A0F /* MC Stats */,
			);
			name = iOS;
			packageProductDependencies = (
				F1612CC72CACC37300E602DC /* Nuke */,
				F1612CC92CACC37300E602DC /* NukeUI */,
				F3C1E4382D6C8CA400950F3D /* MCStatsDataLayer */,
				F3FCD1F82E527A8D003BDE5E /* ScrechKit */,
				F3F5AD662E885E47007AD97D /* Appearance */,
			);
			productName = MinecraftServerStatus;
			productReference = F13E5FF92A4BD614005BE9B2 /* iOS.app */;
			productType = "com.apple.product-type.application";
		};
		F1406BA82AA391B800815BE8 /* Intents */ = {
			isa = PBXNativeTarget;
			buildConfigurationList = F1406BB32AA391B800815BE8 /* Build configuration list for PBXNativeTarget "Intents" */;
			buildPhases = (
				F1406BA52AA391B800815BE8 /* Sources */,
				F1406BA62AA391B800815BE8 /* Frameworks */,
				F1406BA72AA391B800815BE8 /* Resources */,
			);
			buildRules = (
			);
			fileSystemSynchronizedGroups = (
				F383A93C2ECF327700350A0F /* Intents */,
			);
			name = Intents;
			packageProductDependencies = (
				F3C923632D6C6CE7004D31A9 /* MCStatsDataLayer */,
				F3FCD1F62E527A7D003BDE5E /* ScrechKit */,
			);
			productName = MCStatusIntentsFramework;
			productReference = F1406BA92AA391B800815BE8 /* Intents.appex */;
			productType = "com.apple.product-type.extensionkit-extension";
		};
		F1EF76EB2CB7873F00EFFB20 /* Widgets */ = {
			isa = PBXNativeTarget;
			buildConfigurationList = F1EF77022CB7874100EFFB20 /* Build configuration list for PBXNativeTarget "Widgets" */;
			buildPhases = (
				F1EF76E82CB7873F00EFFB20 /* Sources */,
				F1EF76E92CB7873F00EFFB20 /* Frameworks */,
				F1EF76EA2CB7873F00EFFB20 /* Resources */,
			);
			buildRules = (
			);
			fileSystemSynchronizedGroups = (
				F383A9B82ECF329400350A0F /* Widgets */,
			);
			name = Widgets;
			packageProductDependencies = (
				F3C923652D6C6CF2004D31A9 /* MCStatsDataLayer */,
				F376E1892DDA3CA800D98252 /* ScrechKit */,
			);
			productName = MCStatusWidgetExtensionExtension;
			productReference = F1EF76EC2CB7873F00EFFB20 /* Widgets.appex */;
			productType = "com.apple.product-type.app-extension";
		};
		F31D45A02D6DC62600981B1C /* macOS */ = {
			isa = PBXNativeTarget;
			buildConfigurationList = F31D45AE2D6DC62700981B1C /* Build configuration list for PBXNativeTarget "macOS" */;
			buildPhases = (
				F31D459D2D6DC62600981B1C /* Sources */,
				F31D459E2D6DC62600981B1C /* Frameworks */,
				F31D459F2D6DC62600981B1C /* Resources */,
				F376E1582DD9F76300D98252 /* Embed Frameworks */,
			);
			buildRules = (
			);
			fileSystemSynchronizedGroups = (
				F383BE082ECF386800350A0F /* MC Stats */,
			);
			name = macOS;
			packageProductDependencies = (
				F31D45BB2D6DC6B700981B1C /* MCStatsDataLayer */,
				F31D45BF2D6DC6C200981B1C /* Nuke */,
				F31D45C12D6DC6C600981B1C /* NukeUI */,
				F376E1852DDA3C5600D98252 /* ScrechKit */,
				F3F5AD732E886051007AD97D /* Appearance */,
			);
			productName = macOS;
			productReference = F31D45A12D6DC62600981B1C /* MC Stats.app */;
			productType = "com.apple.product-type.application";
		};
		F3570D3B2D6E779500BDF069 /* iMessages */ = {
			isa = PBXNativeTarget;
			buildConfigurationList = F3570D4C2D6E779600BDF069 /* Build configuration list for PBXNativeTarget "iMessages" */;
			buildPhases = (
				F3570D382D6E779500BDF069 /* Sources */,
				F3570D392D6E779500BDF069 /* Frameworks */,
				F3570D3A2D6E779500BDF069 /* Resources */,
			);
			buildRules = (
			);
			fileSystemSynchronizedGroups = (
				F383A91F2ECF326A00350A0F /* iMessage */,
				F383BE082ECF386800350A0F /* MC Stats */,
			);
			name = iMessages;
			packageProductDependencies = (
				F3BC6B1F2D6F56950016A68D /* MCStatsDataLayer */,
				F3DD086E2D75233300A67D4B /* NukeUI */,
				F3DD08702D75233600A67D4B /* Nuke */,
				F376E18D2DDA3CBC00D98252 /* ScrechKit */,
				F3F5AD752E886058007AD97D /* Appearance */,
			);
			productName = "MC Stats iMessage MessagesExtension";
			productReference = F3570D3C2D6E779500BDF069 /* iMessages.appex */;
			productType = "com.apple.product-type.app-extension.messages";
		};
		F35E1A7C2D6501A500718CB7 /* visionOS */ = {
			isa = PBXNativeTarget;
			buildConfigurationList = F35E1A8E2D6501A600718CB7 /* Build configuration list for PBXNativeTarget "visionOS" */;
			buildPhases = (
				F35E1A792D6501A500718CB7 /* Sources */,
				F35E1A7A2D6501A500718CB7 /* Frameworks */,
				F35E1A7B2D6501A500718CB7 /* Resources */,
				F376E15C2DD9F77000D98252 /* Embed Frameworks */,
			);
			buildRules = (
			);
			fileSystemSynchronizedGroups = (
				F383BE082ECF386800350A0F /* MC Stats */,
			);
			name = visionOS;
			packageProductDependencies = (
				F35E1AB32D6522F400718CB7 /* NukeUI */,
				F3C923612D6C6CE2004D31A9 /* MCStatsDataLayer */,
				F376E1812DDA3C3700D98252 /* ScrechKit */,
			);
			productName = "MC Stats visionOS";
			productReference = F35E1A7D2D6501A500718CB7 /* visionOS.app */;
			productType = "com.apple.product-type.application";
		};
		F3C879BC2D65720500840745 /* tvOS */ = {
			isa = PBXNativeTarget;
			buildConfigurationList = F3C879C82D65720600840745 /* Build configuration list for PBXNativeTarget "tvOS" */;
			buildPhases = (
				F3C879B92D65720500840745 /* Sources */,
				F3C879BA2D65720500840745 /* Frameworks */,
				F3C879BB2D65720500840745 /* Resources */,
				F376E15A2DD9F76700D98252 /* Embed Frameworks */,
			);
			buildRules = (
			);
			fileSystemSynchronizedGroups = (
				F383BE082ECF386800350A0F /* MC Stats */,
			);
			name = tvOS;
			packageProductDependencies = (
				F3C879FC2D6572FD00840745 /* Nuke */,
				F3C879FE2D65730000840745 /* NukeUI */,
				F3C9235F2D6C6CDC004D31A9 /* MCStatsDataLayer */,
				F376E1832DDA3C5000D98252 /* ScrechKit */,
			);
			productName = tvOS;
			productReference = F3C879BD2D65720500840745 /* tvOS.app */;
			productType = "com.apple.product-type.application";
		};
/* End PBXNativeTarget section */

/* Begin PBXProject section */
		F13E5FF12A4BD614005BE9B2 /* Project object */ = {
			isa = PBXProject;
			attributes = {
				BuildIndependentTargetsInParallel = 1;
				LastSwiftUpdateCheck = 1630;
				LastUpgradeCheck = 2620;
				TargetAttributes = {
					F11F634A2A81E50E00D47187 = {
						CreatedOnToolsVersion = 15.0;
					};
					F13095242CBC997200C4C7BA = {
						CreatedOnToolsVersion = 16.0;
					};
					F13E5FF82A4BD614005BE9B2 = {
						CreatedOnToolsVersion = 15.0;
					};
					F1406BA82AA391B800815BE8 = {
						CreatedOnToolsVersion = 15.0;
					};
					F1EF76EB2CB7873F00EFFB20 = {
						CreatedOnToolsVersion = 16.0;
					};
					F31D45A02D6DC62600981B1C = {
						CreatedOnToolsVersion = 16.3;
					};
					F3570D3B2D6E779500BDF069 = {
						CreatedOnToolsVersion = 16.3;
					};
					F35E1A7C2D6501A500718CB7 = {
						CreatedOnToolsVersion = 16.2;
					};
					F3C879BC2D65720500840745 = {
						CreatedOnToolsVersion = 16.2;
					};
				};
			};
			buildConfigurationList = F13E5FF42A4BD614005BE9B2 /* Build configuration list for PBXProject "MC Stats" */;
			developmentRegion = en;
			hasScannedForEncodings = 0;
			knownRegions = (
				en,
				Base,
				ru,
				nl,
			);
			mainGroup = F13E5FF02A4BD614005BE9B2;
			packageReferences = (
				F1612CC62CACC37300E602DC /* XCRemoteSwiftPackageReference "Nuke" */,
				F33A5CAB2D640BEB0020D8A5 /* XCRemoteSwiftPackageReference "ScrechKit" */,
				F394B82A2D6C6F9D0040EBD7 /* XCLocalSwiftPackageReference "MCStatsDataLayer" */,
				F3F5AD652E885E47007AD97D /* XCRemoteSwiftPackageReference "Appearance" */,
			);
			preferredProjectObjectVersion = 90;
			productRefGroup = F13E5FFA2A4BD614005BE9B2 /* Products */;
			projectDirPath = "";
			projectRoot = "";
			targets = (
				F13E5FF82A4BD614005BE9B2 /* iOS */,
				F11F634A2A81E50E00D47187 /* watchOS */,
				F31D45A02D6DC62600981B1C /* macOS */,
				F3C879BC2D65720500840745 /* tvOS */,
				F35E1A7C2D6501A500718CB7 /* visionOS */,
				F1406BA82AA391B800815BE8 /* Intents */,
				F1EF76EB2CB7873F00EFFB20 /* Widgets */,
				F13095242CBC997200C4C7BA /* Watch Widgets */,
				F3570D3B2D6E779500BDF069 /* iMessages */,
			);
		};
/* End PBXProject section */

/* Begin PBXResourcesBuildPhase section */
		F11F63492A81E50E00D47187 /* Resources */ = {
			isa = PBXResourcesBuildPhase;
			files = (
			);
		};
		F13095232CBC997200C4C7BA /* Resources */ = {
			isa = PBXResourcesBuildPhase;
			files = (
			);
		};
		F13E5FF72A4BD614005BE9B2 /* Resources */ = {
			isa = PBXResourcesBuildPhase;
			files = (
			);
		};
		F1406BA72AA391B800815BE8 /* Resources */ = {
			isa = PBXResourcesBuildPhase;
			files = (
			);
		};
		F1EF76EA2CB7873F00EFFB20 /* Resources */ = {
			isa = PBXResourcesBuildPhase;
			files = (
			);
		};
		F31D459F2D6DC62600981B1C /* Resources */ = {
			isa = PBXResourcesBuildPhase;
			files = (
			);
		};
		F3570D3A2D6E779500BDF069 /* Resources */ = {
			isa = PBXResourcesBuildPhase;
			files = (
			);
		};
		F35E1A7B2D6501A500718CB7 /* Resources */ = {
			isa = PBXResourcesBuildPhase;
			files = (
			);
		};
		F3C879BB2D65720500840745 /* Resources */ = {
			isa = PBXResourcesBuildPhase;
			files = (
			);
		};
/* End PBXResourcesBuildPhase section */

/* Begin PBXSourcesBuildPhase section */
		F11F63472A81E50E00D47187 /* Sources */ = {
			isa = PBXSourcesBuildPhase;
			files = (
			);
		};
		F13095212CBC997200C4C7BA /* Sources */ = {
			isa = PBXSourcesBuildPhase;
			files = (
			);
		};
		F13E5FF52A4BD614005BE9B2 /* Sources */ = {
			isa = PBXSourcesBuildPhase;
			files = (
			);
		};
		F1406BA52AA391B800815BE8 /* Sources */ = {
			isa = PBXSourcesBuildPhase;
			files = (
			);
		};
		F1EF76E82CB7873F00EFFB20 /* Sources */ = {
			isa = PBXSourcesBuildPhase;
			files = (
			);
		};
		F31D459D2D6DC62600981B1C /* Sources */ = {
			isa = PBXSourcesBuildPhase;
			files = (
			);
		};
		F3570D382D6E779500BDF069 /* Sources */ = {
			isa = PBXSourcesBuildPhase;
			files = (
			);
		};
		F35E1A792D6501A500718CB7 /* Sources */ = {
			isa = PBXSourcesBuildPhase;
			files = (
			);
		};
		F3C879B92D65720500840745 /* Sources */ = {
			isa = PBXSourcesBuildPhase;
			files = (
			);
		};
/* End PBXSourcesBuildPhase section */

/* Begin PBXTargetDependency section */
		F11F63572A81E51000D47187 /* PBXTargetDependency */ = {
			isa = PBXTargetDependency;
			platformFilter = ios;
			target = F11F634A2A81E50E00D47187 /* watchOS */;
			targetProxy = F11F63562A81E51000D47187 /* PBXContainerItemProxy */;
		};
		F130952F2CBC997300C4C7BA /* PBXTargetDependency */ = {
			isa = PBXTargetDependency;
			target = F13095242CBC997200C4C7BA /* Watch Widgets */;
			targetProxy = F130952E2CBC997300C4C7BA /* PBXContainerItemProxy */;
		};
		F1EF76D02CB4496F00EFFB20 /* PBXTargetDependency */ = {
			isa = PBXTargetDependency;
			target = F1406BA82AA391B800815BE8 /* Intents */;
			targetProxy = F1EF76CF2CB4496F00EFFB20 /* PBXContainerItemProxy */;
		};
		F1EF76FE2CB7874000EFFB20 /* PBXTargetDependency */ = {
			isa = PBXTargetDependency;
			target = F1EF76EB2CB7873F00EFFB20 /* Widgets */;
			targetProxy = F1EF76FD2CB7874000EFFB20 /* PBXContainerItemProxy */;
		};
		F3D677672DD7E81700721DE8 /* PBXTargetDependency */ = {
			isa = PBXTargetDependency;
			target = F1406BA82AA391B800815BE8 /* Intents */;
			targetProxy = F3D677662DD7E81700721DE8 /* PBXContainerItemProxy */;
		};
/* End PBXTargetDependency section */

/* Begin XCBuildConfiguration section */
		F11F635A2A81E51000D47187 /* Debug configuration for PBXNativeTarget "watchOS" */ = {
			isa = XCBuildConfiguration;
			buildSettings = {
				ASSETCATALOG_COMPILER_APPICON_NAME = AppIcon;
				ASSETCATALOG_COMPILER_GLOBAL_ACCENT_COLOR_NAME = AccentColor;
				ASSETCATALOG_COMPILER_INCLUDE_ALL_APPICON_ASSETS = NO;
				CODE_SIGN_ENTITLEMENTS = watchOS/watchOS.entitlements;
				CODE_SIGN_STYLE = Automatic;
				ENABLE_PREVIEWS = YES;
				GENERATE_INFOPLIST_FILE = YES;
				INFOPLIST_FILE = watchOS/watchOS.plist;
				INFOPLIST_KEY_CFBundleDisplayName = "MC Stats";
				INFOPLIST_KEY_UISupportedInterfaceOrientations = "UIInterfaceOrientationPortrait UIInterfaceOrientationPortraitUpsideDown";
				INFOPLIST_KEY_WKCompanionAppBundleIdentifier = "dev.topscrech.MC-Stats";
				INFOPLIST_KEY_WKRunsIndependentlyOfCompanionApp = NO;
				LD_RUNPATH_SEARCH_PATHS = (
					"$(inherited)",
					"@executable_path/Frameworks",
				);
				PRODUCT_BUNDLE_IDENTIFIER = "dev.topscrech.MC-Stats.watchkitapp";
				PRODUCT_NAME = "$(TARGET_NAME)";
				SDKROOT = watchos;
				SKIP_INSTALL = YES;
				SWIFT_DEFAULT_ACTOR_ISOLATION = MainActor;
				SWIFT_EMIT_LOC_STRINGS = YES;
				SWIFT_VERSION = 6.0;
				TARGETED_DEVICE_FAMILY = 4;
				WATCHOS_DEPLOYMENT_TARGET = 10.0;
			};
			name = Debug;
		};
		F11F635B2A81E51000D47187 /* Release configuration for PBXNativeTarget "watchOS" */ = {
			isa = XCBuildConfiguration;
			buildSettings = {
				ASSETCATALOG_COMPILER_APPICON_NAME = AppIcon;
				ASSETCATALOG_COMPILER_GLOBAL_ACCENT_COLOR_NAME = AccentColor;
				ASSETCATALOG_COMPILER_INCLUDE_ALL_APPICON_ASSETS = NO;
				CODE_SIGN_ENTITLEMENTS = watchOS/watchOS.entitlements;
				CODE_SIGN_STYLE = Automatic;
				ENABLE_PREVIEWS = YES;
				GENERATE_INFOPLIST_FILE = YES;
				INFOPLIST_FILE = watchOS/watchOS.plist;
				INFOPLIST_KEY_CFBundleDisplayName = "MC Stats";
				INFOPLIST_KEY_UISupportedInterfaceOrientations = "UIInterfaceOrientationPortrait UIInterfaceOrientationPortraitUpsideDown";
				INFOPLIST_KEY_WKCompanionAppBundleIdentifier = "dev.topscrech.MC-Stats";
				INFOPLIST_KEY_WKRunsIndependentlyOfCompanionApp = NO;
				LD_RUNPATH_SEARCH_PATHS = (
					"$(inherited)",
					"@executable_path/Frameworks",
				);
				PRODUCT_BUNDLE_IDENTIFIER = "dev.topscrech.MC-Stats.watchkitapp";
				PRODUCT_NAME = "$(TARGET_NAME)";
				SDKROOT = watchos;
				SKIP_INSTALL = YES;
				SWIFT_DEFAULT_ACTOR_ISOLATION = MainActor;
				SWIFT_EMIT_LOC_STRINGS = YES;
				SWIFT_VERSION = 6.0;
				TARGETED_DEVICE_FAMILY = 4;
				VALIDATE_PRODUCT = YES;
				WATCHOS_DEPLOYMENT_TARGET = 10.0;
			};
			name = Release;
		};
		F13095322CBC997300C4C7BA /* Debug configuration for PBXNativeTarget "Watch Widgets" */ = {
			isa = XCBuildConfiguration;
			buildSettings = {
				ASSETCATALOG_COMPILER_GLOBAL_ACCENT_COLOR_NAME = AccentColor;
				ASSETCATALOG_COMPILER_WIDGET_BACKGROUND_COLOR_NAME = WidgetBackground;
				CODE_SIGN_ENTITLEMENTS = "Widgets watchOS/Widgets watchOS.entitlements";
				CODE_SIGN_STYLE = Automatic;
				GENERATE_INFOPLIST_FILE = YES;
				INFOPLIST_FILE = "Widgets watchOS/Widgets watchOS.plist";
				INFOPLIST_KEY_CFBundleDisplayName = "MC Stats";
				INFOPLIST_KEY_NSHumanReadableCopyright = "";
				LD_RUNPATH_SEARCH_PATHS = (
					"$(inherited)",
					"@executable_path/Frameworks",
					"@executable_path/../../Frameworks",
					"@executable_path/../../../../Frameworks",
				);
				PRODUCT_BUNDLE_IDENTIFIER = "dev.topscrech.MC-Stats.watchkitapp.WatchWidgets";
				PRODUCT_NAME = "$(TARGET_NAME)";
				SDKROOT = watchos;
				SKIP_INSTALL = YES;
				SWIFT_DEFAULT_ACTOR_ISOLATION = MainActor;
				SWIFT_EMIT_LOC_STRINGS = YES;
				SWIFT_VERSION = 6.0;
				TARGETED_DEVICE_FAMILY = 4;
				WATCHOS_DEPLOYMENT_TARGET = 10.0;
			};
			name = Debug;
		};
		F13095332CBC997300C4C7BA /* Release configuration for PBXNativeTarget "Watch Widgets" */ = {
			isa = XCBuildConfiguration;
			buildSettings = {
				ASSETCATALOG_COMPILER_GLOBAL_ACCENT_COLOR_NAME = AccentColor;
				ASSETCATALOG_COMPILER_WIDGET_BACKGROUND_COLOR_NAME = WidgetBackground;
				CODE_SIGN_ENTITLEMENTS = "Widgets watchOS/Widgets watchOS.entitlements";
				CODE_SIGN_STYLE = Automatic;
				GENERATE_INFOPLIST_FILE = YES;
				INFOPLIST_FILE = "Widgets watchOS/Widgets watchOS.plist";
				INFOPLIST_KEY_CFBundleDisplayName = "MC Stats";
				INFOPLIST_KEY_NSHumanReadableCopyright = "";
				LD_RUNPATH_SEARCH_PATHS = (
					"$(inherited)",
					"@executable_path/Frameworks",
					"@executable_path/../../Frameworks",
					"@executable_path/../../../../Frameworks",
				);
				PRODUCT_BUNDLE_IDENTIFIER = "dev.topscrech.MC-Stats.watchkitapp.WatchWidgets";
				PRODUCT_NAME = "$(TARGET_NAME)";
				SDKROOT = watchos;
				SKIP_INSTALL = YES;
				SWIFT_DEFAULT_ACTOR_ISOLATION = MainActor;
				SWIFT_EMIT_LOC_STRINGS = YES;
				SWIFT_VERSION = 6.0;
				TARGETED_DEVICE_FAMILY = 4;
				VALIDATE_PRODUCT = YES;
				WATCHOS_DEPLOYMENT_TARGET = 10.0;
			};
			name = Release;
		};
		F13E60092A4BD615005BE9B2 /* Debug configuration for PBXProject "MC Stats" */ = {
			isa = XCBuildConfiguration;
			buildSettings = {
				ALWAYS_SEARCH_USER_PATHS = NO;
				ASSETCATALOG_COMPILER_GENERATE_SWIFT_ASSET_SYMBOL_EXTENSIONS = YES;
				CLANG_ANALYZER_LOCALIZABILITY_NONLOCALIZED = YES;
				CLANG_ANALYZER_NONNULL = YES;
				CLANG_ANALYZER_NUMBER_OBJECT_CONVERSION = YES_AGGRESSIVE;
				CLANG_CXX_LANGUAGE_STANDARD = "gnu++20";
				CLANG_ENABLE_MODULES = YES;
				CLANG_ENABLE_OBJC_ARC = YES;
				CLANG_ENABLE_OBJC_WEAK = YES;
				CLANG_WARN_BLOCK_CAPTURE_AUTORELEASING = YES;
				CLANG_WARN_BOOL_CONVERSION = YES;
				CLANG_WARN_COMMA = YES;
				CLANG_WARN_CONSTANT_CONVERSION = YES;
				CLANG_WARN_DEPRECATED_OBJC_IMPLEMENTATIONS = YES;
				CLANG_WARN_DIRECT_OBJC_ISA_USAGE = YES_ERROR;
				CLANG_WARN_DOCUMENTATION_COMMENTS = YES;
				CLANG_WARN_EMPTY_BODY = YES;
				CLANG_WARN_ENUM_CONVERSION = YES;
				CLANG_WARN_INFINITE_RECURSION = YES;
				CLANG_WARN_INT_CONVERSION = YES;
				CLANG_WARN_NON_LITERAL_NULL_CONVERSION = YES;
				CLANG_WARN_OBJC_IMPLICIT_RETAIN_SELF = YES;
				CLANG_WARN_OBJC_LITERAL_CONVERSION = YES;
				CLANG_WARN_OBJC_ROOT_CLASS = YES_ERROR;
				CLANG_WARN_QUOTED_INCLUDE_IN_FRAMEWORK_HEADER = YES;
				CLANG_WARN_RANGE_LOOP_ANALYSIS = YES;
				CLANG_WARN_STRICT_PROTOTYPES = YES;
				CLANG_WARN_SUSPICIOUS_MOVE = YES;
				CLANG_WARN_UNGUARDED_AVAILABILITY = YES_AGGRESSIVE;
				CLANG_WARN_UNREACHABLE_CODE = YES;
				CLANG_WARN__DUPLICATE_METHOD_MATCH = YES;
				COPY_PHASE_STRIP = NO;
				CURRENT_PROJECT_VERSION = 0;
				DEAD_CODE_STRIPPING = YES;
				DEBUG_INFORMATION_FORMAT = dwarf;
				DEVELOPMENT_TEAM = 8FQUA2F388;
				ENABLE_STRICT_OBJC_MSGSEND = YES;
				ENABLE_TESTABILITY = YES;
				ENABLE_USER_SCRIPT_SANDBOXING = YES;
				GCC_C_LANGUAGE_STANDARD = gnu17;
				GCC_DYNAMIC_NO_PIC = NO;
				GCC_NO_COMMON_BLOCKS = YES;
				GCC_OPTIMIZATION_LEVEL = 0;
				GCC_PREPROCESSOR_DEFINITIONS = (
					"DEBUG=1",
					"$(inherited)",
				);
				GCC_WARN_64_TO_32_BIT_CONVERSION = YES;
				GCC_WARN_ABOUT_RETURN_TYPE = YES_ERROR;
				GCC_WARN_UNDECLARED_SELECTOR = YES;
				GCC_WARN_UNINITIALIZED_AUTOS = YES_AGGRESSIVE;
				GCC_WARN_UNUSED_FUNCTION = YES;
				GCC_WARN_UNUSED_VARIABLE = YES;
				INFOPLIST_KEY_NSHumanReadableCopyright = "2025 Sergei Saliukov";
				LOCALIZATION_PREFERS_STRING_CATALOGS = YES;
				MARKETING_VERSION = 26.1.3;
				MTL_ENABLE_DEBUG_INFO = INCLUDE_SOURCE;
				MTL_FAST_MATH = YES;
				ONLY_ACTIVE_ARCH = YES;
				STRING_CATALOG_GENERATE_SYMBOLS = YES;
				SWIFT_ACTIVE_COMPILATION_CONDITIONS = "DEBUG $(inherited)";
				SWIFT_EMIT_LOC_STRINGS = YES;
				SWIFT_OPTIMIZATION_LEVEL = "-Onone";
			};
			name = Debug;
		};
		F13E600A2A4BD615005BE9B2 /* Release configuration for PBXProject "MC Stats" */ = {
			isa = XCBuildConfiguration;
			buildSettings = {
				ALWAYS_SEARCH_USER_PATHS = NO;
				ASSETCATALOG_COMPILER_GENERATE_SWIFT_ASSET_SYMBOL_EXTENSIONS = YES;
				CLANG_ANALYZER_LOCALIZABILITY_NONLOCALIZED = YES;
				CLANG_ANALYZER_NONNULL = YES;
				CLANG_ANALYZER_NUMBER_OBJECT_CONVERSION = YES_AGGRESSIVE;
				CLANG_CXX_LANGUAGE_STANDARD = "gnu++20";
				CLANG_ENABLE_MODULES = YES;
				CLANG_ENABLE_OBJC_ARC = YES;
				CLANG_ENABLE_OBJC_WEAK = YES;
				CLANG_WARN_BLOCK_CAPTURE_AUTORELEASING = YES;
				CLANG_WARN_BOOL_CONVERSION = YES;
				CLANG_WARN_COMMA = YES;
				CLANG_WARN_CONSTANT_CONVERSION = YES;
				CLANG_WARN_DEPRECATED_OBJC_IMPLEMENTATIONS = YES;
				CLANG_WARN_DIRECT_OBJC_ISA_USAGE = YES_ERROR;
				CLANG_WARN_DOCUMENTATION_COMMENTS = YES;
				CLANG_WARN_EMPTY_BODY = YES;
				CLANG_WARN_ENUM_CONVERSION = YES;
				CLANG_WARN_INFINITE_RECURSION = YES;
				CLANG_WARN_INT_CONVERSION = YES;
				CLANG_WARN_NON_LITERAL_NULL_CONVERSION = YES;
				CLANG_WARN_OBJC_IMPLICIT_RETAIN_SELF = YES;
				CLANG_WARN_OBJC_LITERAL_CONVERSION = YES;
				CLANG_WARN_OBJC_ROOT_CLASS = YES_ERROR;
				CLANG_WARN_QUOTED_INCLUDE_IN_FRAMEWORK_HEADER = YES;
				CLANG_WARN_RANGE_LOOP_ANALYSIS = YES;
				CLANG_WARN_STRICT_PROTOTYPES = YES;
				CLANG_WARN_SUSPICIOUS_MOVE = YES;
				CLANG_WARN_UNGUARDED_AVAILABILITY = YES_AGGRESSIVE;
				CLANG_WARN_UNREACHABLE_CODE = YES;
				CLANG_WARN__DUPLICATE_METHOD_MATCH = YES;
				COPY_PHASE_STRIP = NO;
				CURRENT_PROJECT_VERSION = 0;
				DEAD_CODE_STRIPPING = YES;
				DEBUG_INFORMATION_FORMAT = "dwarf-with-dsym";
				DEVELOPMENT_TEAM = 8FQUA2F388;
				ENABLE_NS_ASSERTIONS = NO;
				ENABLE_STRICT_OBJC_MSGSEND = YES;
				ENABLE_USER_SCRIPT_SANDBOXING = YES;
				GCC_C_LANGUAGE_STANDARD = gnu17;
				GCC_NO_COMMON_BLOCKS = YES;
				GCC_WARN_64_TO_32_BIT_CONVERSION = YES;
				GCC_WARN_ABOUT_RETURN_TYPE = YES_ERROR;
				GCC_WARN_UNDECLARED_SELECTOR = YES;
				GCC_WARN_UNINITIALIZED_AUTOS = YES_AGGRESSIVE;
				GCC_WARN_UNUSED_FUNCTION = YES;
				GCC_WARN_UNUSED_VARIABLE = YES;
				INFOPLIST_KEY_NSHumanReadableCopyright = "2025 Sergei Saliukov";
				LOCALIZATION_PREFERS_STRING_CATALOGS = YES;
				MARKETING_VERSION = 26.1.3;
				MTL_ENABLE_DEBUG_INFO = NO;
				MTL_FAST_MATH = YES;
				STRING_CATALOG_GENERATE_SYMBOLS = YES;
				SWIFT_COMPILATION_MODE = wholemodule;
				SWIFT_EMIT_LOC_STRINGS = YES;
			};
			name = Release;
		};
		F13E600C2A4BD615005BE9B2 /* Debug configuration for PBXNativeTarget "iOS" */ = {
			isa = XCBuildConfiguration;
			buildSettings = {
				ASSETCATALOG_COMPILER_APPICON_NAME = AppIcon;
				ASSETCATALOG_COMPILER_GLOBAL_ACCENT_COLOR_NAME = AccentColor;
				ASSETCATALOG_COMPILER_INCLUDE_ALL_APPICON_ASSETS = NO;
				CODE_SIGN_ENTITLEMENTS = "MC Stats/Other/iOS.entitlements";
				CODE_SIGN_STYLE = Automatic;
				DEAD_CODE_STRIPPING = YES;
				DEVELOPMENT_ASSET_PATHS = "";
				ENABLE_APP_SANDBOX = YES;
				ENABLE_HARDENED_RUNTIME = YES;
				ENABLE_INCOMING_NETWORK_CONNECTIONS = YES;
				ENABLE_OUTGOING_NETWORK_CONNECTIONS = YES;
				ENABLE_PREVIEWS = YES;
				ENABLE_USER_SELECTED_FILES = readonly;
				GENERATE_INFOPLIST_FILE = YES;
				INFOPLIST_FILE = "MC Stats/Other/iOS.plist";
				INFOPLIST_KEY_CFBundleDisplayName = "MC Stats";
				INFOPLIST_KEY_LSApplicationCategoryType = "public.app-category.utilities";
				INFOPLIST_KEY_NSLocalNetworkUsageDescription = "This app requires local network access in order to check the status of servers on your local connection";
				"INFOPLIST_KEY_UIApplicationSceneManifest_Generation[sdk=iphoneos*]" = YES;
				"INFOPLIST_KEY_UIApplicationSceneManifest_Generation[sdk=iphonesimulator*]" = YES;
				"INFOPLIST_KEY_UIApplicationSupportsIndirectInputEvents[sdk=iphoneos*]" = YES;
				"INFOPLIST_KEY_UIApplicationSupportsIndirectInputEvents[sdk=iphonesimulator*]" = YES;
				"INFOPLIST_KEY_UILaunchScreen_Generation[sdk=iphoneos*]" = YES;
				"INFOPLIST_KEY_UILaunchScreen_Generation[sdk=iphonesimulator*]" = YES;
				"INFOPLIST_KEY_UIStatusBarStyle[sdk=iphoneos*]" = UIStatusBarStyleDefault;
				"INFOPLIST_KEY_UIStatusBarStyle[sdk=iphonesimulator*]" = UIStatusBarStyleDefault;
				INFOPLIST_KEY_UISupportedInterfaceOrientations = "UIInterfaceOrientationLandscapeLeft UIInterfaceOrientationLandscapeRight UIInterfaceOrientationPortrait UIInterfaceOrientationPortraitUpsideDown";
				IPHONEOS_DEPLOYMENT_TARGET = 17.0;
				LD_RUNPATH_SEARCH_PATHS = "@executable_path/Frameworks";
				"LD_RUNPATH_SEARCH_PATHS[sdk=macosx*]" = "@executable_path/../Frameworks";
				MACOSX_DEPLOYMENT_TARGET = 14.0;
				PRODUCT_BUNDLE_IDENTIFIER = "dev.topscrech.MC-Stats";
				PRODUCT_NAME = "$(TARGET_NAME)";
				SDKROOT = auto;
				SUPPORTED_PLATFORMS = "iphoneos iphonesimulator";
				SUPPORTS_MACCATALYST = NO;
				SUPPORTS_MAC_DESIGNED_FOR_IPHONE_IPAD = NO;
				SUPPORTS_XR_DESIGNED_FOR_IPHONE_IPAD = NO;
				SWIFT_DEFAULT_ACTOR_ISOLATION = MainActor;
				SWIFT_EMIT_LOC_STRINGS = YES;
				SWIFT_VERSION = 6.0;
				TARGETED_DEVICE_FAMILY = "1,2";
				XROS_DEPLOYMENT_TARGET = 1.0;
			};
			name = Debug;
		};
		F13E600D2A4BD615005BE9B2 /* Release configuration for PBXNativeTarget "iOS" */ = {
			isa = XCBuildConfiguration;
			buildSettings = {
				ASSETCATALOG_COMPILER_APPICON_NAME = AppIcon;
				ASSETCATALOG_COMPILER_GLOBAL_ACCENT_COLOR_NAME = AccentColor;
				ASSETCATALOG_COMPILER_INCLUDE_ALL_APPICON_ASSETS = NO;
				CODE_SIGN_ENTITLEMENTS = "MC Stats/Other/iOS.entitlements";
				CODE_SIGN_STYLE = Automatic;
				DEAD_CODE_STRIPPING = YES;
				DEVELOPMENT_ASSET_PATHS = "";
				ENABLE_APP_SANDBOX = YES;
				ENABLE_HARDENED_RUNTIME = YES;
				ENABLE_INCOMING_NETWORK_CONNECTIONS = YES;
				ENABLE_OUTGOING_NETWORK_CONNECTIONS = YES;
				ENABLE_PREVIEWS = YES;
				ENABLE_USER_SELECTED_FILES = readonly;
				GENERATE_INFOPLIST_FILE = YES;
				INFOPLIST_FILE = "MC Stats/Other/iOS.plist";
				INFOPLIST_KEY_CFBundleDisplayName = "MC Stats";
				INFOPLIST_KEY_LSApplicationCategoryType = "public.app-category.utilities";
				INFOPLIST_KEY_NSLocalNetworkUsageDescription = "This app requires local network access in order to check the status of servers on your local connection";
				"INFOPLIST_KEY_UIApplicationSceneManifest_Generation[sdk=iphoneos*]" = YES;
				"INFOPLIST_KEY_UIApplicationSceneManifest_Generation[sdk=iphonesimulator*]" = YES;
				"INFOPLIST_KEY_UIApplicationSupportsIndirectInputEvents[sdk=iphoneos*]" = YES;
				"INFOPLIST_KEY_UIApplicationSupportsIndirectInputEvents[sdk=iphonesimulator*]" = YES;
				"INFOPLIST_KEY_UILaunchScreen_Generation[sdk=iphoneos*]" = YES;
				"INFOPLIST_KEY_UILaunchScreen_Generation[sdk=iphonesimulator*]" = YES;
				"INFOPLIST_KEY_UIStatusBarStyle[sdk=iphoneos*]" = UIStatusBarStyleDefault;
				"INFOPLIST_KEY_UIStatusBarStyle[sdk=iphonesimulator*]" = UIStatusBarStyleDefault;
				INFOPLIST_KEY_UISupportedInterfaceOrientations = "UIInterfaceOrientationLandscapeLeft UIInterfaceOrientationLandscapeRight UIInterfaceOrientationPortrait UIInterfaceOrientationPortraitUpsideDown";
				IPHONEOS_DEPLOYMENT_TARGET = 17.0;
				LD_RUNPATH_SEARCH_PATHS = "@executable_path/Frameworks";
				"LD_RUNPATH_SEARCH_PATHS[sdk=macosx*]" = "@executable_path/../Frameworks";
				MACOSX_DEPLOYMENT_TARGET = 14.0;
				PRODUCT_BUNDLE_IDENTIFIER = "dev.topscrech.MC-Stats";
				PRODUCT_NAME = "$(TARGET_NAME)";
				SDKROOT = auto;
				SUPPORTED_PLATFORMS = "iphoneos iphonesimulator";
				SUPPORTS_MACCATALYST = NO;
				SUPPORTS_MAC_DESIGNED_FOR_IPHONE_IPAD = NO;
				SUPPORTS_XR_DESIGNED_FOR_IPHONE_IPAD = NO;
				SWIFT_DEFAULT_ACTOR_ISOLATION = MainActor;
				SWIFT_EMIT_LOC_STRINGS = YES;
				SWIFT_VERSION = 6.0;
				TARGETED_DEVICE_FAMILY = "1,2";
				XROS_DEPLOYMENT_TARGET = 1.0;
			};
			name = Release;
		};
		F1406BB42AA391B800815BE8 /* Debug configuration for PBXNativeTarget "Intents" */ = {
			isa = XCBuildConfiguration;
			buildSettings = {
				CODE_SIGN_ENTITLEMENTS = Intents/Intents.entitlements;
				CODE_SIGN_STYLE = Automatic;
				GENERATE_INFOPLIST_FILE = YES;
				INFOPLIST_FILE = Intents/Intents.plist;
				INFOPLIST_KEY_CFBundleDisplayName = "MC Stats";
				INFOPLIST_KEY_NSHumanReadableCopyright = "";
				IPHONEOS_DEPLOYMENT_TARGET = 17.0;
				LD_RUNPATH_SEARCH_PATHS = (
					"$(inherited)",
					"@executable_path/Frameworks",
					"@executable_path/../../Frameworks",
				);
				PRODUCT_BUNDLE_IDENTIFIER = "dev.topscrech.MC-Stats.Intents";
				PRODUCT_NAME = "$(TARGET_NAME)";
				SDKROOT = iphoneos;
				SKIP_INSTALL = YES;
				SUPPORTED_PLATFORMS = "iphoneos iphonesimulator watchos watchsimulator";
				SUPPORTS_MACCATALYST = NO;
				SWIFT_DEFAULT_ACTOR_ISOLATION = MainActor;
				SWIFT_EMIT_LOC_STRINGS = YES;
				SWIFT_VERSION = 6.0;
				TARGETED_DEVICE_FAMILY = "1,2,4";
				WATCHOS_DEPLOYMENT_TARGET = 10.0;
			};
			name = Debug;
		};
		F1406BB52AA391B800815BE8 /* Release configuration for PBXNativeTarget "Intents" */ = {
			isa = XCBuildConfiguration;
			buildSettings = {
				CODE_SIGN_ENTITLEMENTS = Intents/Intents.entitlements;
				CODE_SIGN_STYLE = Automatic;
				GENERATE_INFOPLIST_FILE = YES;
				INFOPLIST_FILE = Intents/Intents.plist;
				INFOPLIST_KEY_CFBundleDisplayName = "MC Stats";
				INFOPLIST_KEY_NSHumanReadableCopyright = "";
				IPHONEOS_DEPLOYMENT_TARGET = 17.0;
				LD_RUNPATH_SEARCH_PATHS = (
					"$(inherited)",
					"@executable_path/Frameworks",
					"@executable_path/../../Frameworks",
				);
				PRODUCT_BUNDLE_IDENTIFIER = "dev.topscrech.MC-Stats.Intents";
				PRODUCT_NAME = "$(TARGET_NAME)";
				SDKROOT = iphoneos;
				SKIP_INSTALL = YES;
				SUPPORTED_PLATFORMS = "iphoneos iphonesimulator watchos watchsimulator";
				SUPPORTS_MACCATALYST = NO;
				SWIFT_DEFAULT_ACTOR_ISOLATION = MainActor;
				SWIFT_EMIT_LOC_STRINGS = YES;
				SWIFT_VERSION = 6.0;
				TARGETED_DEVICE_FAMILY = "1,2,4";
				VALIDATE_PRODUCT = YES;
				WATCHOS_DEPLOYMENT_TARGET = 10.0;
			};
			name = Release;
		};
		F1EF77032CB7874100EFFB20 /* Debug configuration for PBXNativeTarget "Widgets" */ = {
			isa = XCBuildConfiguration;
			buildSettings = {
				ASSETCATALOG_COMPILER_GLOBAL_ACCENT_COLOR_NAME = AccentColor;
				ASSETCATALOG_COMPILER_WIDGET_BACKGROUND_COLOR_NAME = WidgetBackground;
				CODE_SIGN_ENTITLEMENTS = Widgets/Widgets.entitlements;
				CODE_SIGN_STYLE = Automatic;
				ENABLE_APP_SANDBOX = YES;
				ENABLE_INCOMING_NETWORK_CONNECTIONS = YES;
				ENABLE_OUTGOING_NETWORK_CONNECTIONS = YES;
				GENERATE_INFOPLIST_FILE = YES;
				INFOPLIST_FILE = Widgets/Widgets.plist;
				INFOPLIST_KEY_CFBundleDisplayName = "MC Stats";
				INFOPLIST_KEY_NSHumanReadableCopyright = "";
				IPHONEOS_DEPLOYMENT_TARGET = 17.0;
				LD_RUNPATH_SEARCH_PATHS = (
					"$(inherited)",
					"@executable_path/Frameworks",
					"@executable_path/../../Frameworks",
				);
				PRODUCT_BUNDLE_IDENTIFIER = "dev.topscrech.MC-Stats.Widgets";
				PRODUCT_NAME = "$(TARGET_NAME)";
				SDKROOT = iphoneos;
				SKIP_INSTALL = YES;
				SUPPORTS_MACCATALYST = YES;
				SWIFT_DEFAULT_ACTOR_ISOLATION = MainActor;
				SWIFT_EMIT_LOC_STRINGS = YES;
				SWIFT_VERSION = 6.0;
				TARGETED_DEVICE_FAMILY = "1,2";
			};
			name = Debug;
		};
		F1EF77042CB7874100EFFB20 /* Release configuration for PBXNativeTarget "Widgets" */ = {
			isa = XCBuildConfiguration;
			buildSettings = {
				ASSETCATALOG_COMPILER_GLOBAL_ACCENT_COLOR_NAME = AccentColor;
				ASSETCATALOG_COMPILER_WIDGET_BACKGROUND_COLOR_NAME = WidgetBackground;
				CODE_SIGN_ENTITLEMENTS = Widgets/Widgets.entitlements;
				CODE_SIGN_STYLE = Automatic;
				ENABLE_APP_SANDBOX = YES;
				ENABLE_INCOMING_NETWORK_CONNECTIONS = YES;
				ENABLE_OUTGOING_NETWORK_CONNECTIONS = YES;
				GENERATE_INFOPLIST_FILE = YES;
				INFOPLIST_FILE = Widgets/Widgets.plist;
				INFOPLIST_KEY_CFBundleDisplayName = "MC Stats";
				INFOPLIST_KEY_NSHumanReadableCopyright = "";
				IPHONEOS_DEPLOYMENT_TARGET = 17.0;
				LD_RUNPATH_SEARCH_PATHS = (
					"$(inherited)",
					"@executable_path/Frameworks",
					"@executable_path/../../Frameworks",
				);
				PRODUCT_BUNDLE_IDENTIFIER = "dev.topscrech.MC-Stats.Widgets";
				PRODUCT_NAME = "$(TARGET_NAME)";
				SDKROOT = iphoneos;
				SKIP_INSTALL = YES;
				SUPPORTS_MACCATALYST = YES;
				SWIFT_DEFAULT_ACTOR_ISOLATION = MainActor;
				SWIFT_EMIT_LOC_STRINGS = YES;
				SWIFT_VERSION = 6.0;
				TARGETED_DEVICE_FAMILY = "1,2";
				VALIDATE_PRODUCT = YES;
			};
			name = Release;
		};
		F31D45AC2D6DC62700981B1C /* Debug configuration for PBXNativeTarget "macOS" */ = {
			isa = XCBuildConfiguration;
			buildSettings = {
				ASSETCATALOG_COMPILER_APPICON_NAME = AppIcon;
				ASSETCATALOG_COMPILER_GLOBAL_ACCENT_COLOR_NAME = AccentColor;
				CODE_SIGN_ENTITLEMENTS = macOS/macOS.entitlements;
				CODE_SIGN_STYLE = Automatic;
				COMBINE_HIDPI_IMAGES = YES;
				DEVELOPMENT_TEAM = 8FQUA2F388;
				ENABLE_APP_SANDBOX = YES;
				ENABLE_HARDENED_RUNTIME = YES;
				ENABLE_OUTGOING_NETWORK_CONNECTIONS = YES;
				ENABLE_PREVIEWS = YES;
				ENABLE_USER_SELECTED_FILES = readonly;
				GENERATE_INFOPLIST_FILE = YES;
				INFOPLIST_FILE = macOS/macOS.plist;
				INFOPLIST_KEY_CFBundleDisplayName = "MC Stats";
				INFOPLIST_KEY_LSApplicationCategoryType = "public.app-category.utilities";
				INFOPLIST_KEY_NSHumanReadableCopyright = "";
				LD_RUNPATH_SEARCH_PATHS = (
					"$(inherited)",
					"@executable_path/../Frameworks",
				);
				MACOSX_DEPLOYMENT_TARGET = 14.0;
				PRODUCT_BUNDLE_IDENTIFIER = "dev.topscrech.MC-Stats";
				PRODUCT_NAME = "MC Stats";
				REGISTER_APP_GROUPS = YES;
				SDKROOT = macosx;
				SWIFT_DEFAULT_ACTOR_ISOLATION = MainActor;
				SWIFT_EMIT_LOC_STRINGS = YES;
				SWIFT_VERSION = 6.0;
			};
			name = Debug;
		};
		F31D45AD2D6DC62700981B1C /* Release configuration for PBXNativeTarget "macOS" */ = {
			isa = XCBuildConfiguration;
			buildSettings = {
				ASSETCATALOG_COMPILER_APPICON_NAME = AppIcon;
				ASSETCATALOG_COMPILER_GLOBAL_ACCENT_COLOR_NAME = AccentColor;
				CODE_SIGN_ENTITLEMENTS = macOS/macOS.entitlements;
				CODE_SIGN_STYLE = Automatic;
				COMBINE_HIDPI_IMAGES = YES;
				DEVELOPMENT_TEAM = 8FQUA2F388;
				ENABLE_APP_SANDBOX = YES;
				ENABLE_HARDENED_RUNTIME = YES;
				ENABLE_OUTGOING_NETWORK_CONNECTIONS = YES;
				ENABLE_PREVIEWS = YES;
				ENABLE_USER_SELECTED_FILES = readonly;
				GENERATE_INFOPLIST_FILE = YES;
				INFOPLIST_FILE = macOS/macOS.plist;
				INFOPLIST_KEY_CFBundleDisplayName = "MC Stats";
				INFOPLIST_KEY_LSApplicationCategoryType = "public.app-category.utilities";
				INFOPLIST_KEY_NSHumanReadableCopyright = "";
				LD_RUNPATH_SEARCH_PATHS = (
					"$(inherited)",
					"@executable_path/../Frameworks",
				);
				MACOSX_DEPLOYMENT_TARGET = 14.0;
				PRODUCT_BUNDLE_IDENTIFIER = "dev.topscrech.MC-Stats";
				PRODUCT_NAME = "MC Stats";
				REGISTER_APP_GROUPS = YES;
				SDKROOT = macosx;
				SWIFT_DEFAULT_ACTOR_ISOLATION = MainActor;
				SWIFT_EMIT_LOC_STRINGS = YES;
				SWIFT_VERSION = 6.0;
			};
			name = Release;
		};
		F3570D4D2D6E779600BDF069 /* Debug configuration for PBXNativeTarget "iMessages" */ = {
			isa = XCBuildConfiguration;
			buildSettings = {
				ASSETCATALOG_COMPILER_APPICON_NAME = "iMessage App Icon";
				CODE_SIGN_ENTITLEMENTS = iMessage/iMessages.entitlements;
				CODE_SIGN_STYLE = Automatic;
				DEVELOPMENT_TEAM = 8FQUA2F388;
				GENERATE_INFOPLIST_FILE = YES;
				INFOPLIST_FILE = iMessage/iMessage.plist;
				INFOPLIST_KEY_CFBundleDisplayName = "MC Stats";
				INFOPLIST_KEY_NSHumanReadableCopyright = "";
				IPHONEOS_DEPLOYMENT_TARGET = 17.0;
				LD_RUNPATH_SEARCH_PATHS = (
					"$(inherited)",
					"@executable_path/Frameworks",
					"@executable_path/../../Frameworks",
				);
				OTHER_SWIFT_FLAGS = "";
				PRODUCT_BUNDLE_IDENTIFIER = "dev.topscrech.MC-Stats.MessagesExtension";
				PRODUCT_NAME = "$(TARGET_NAME)";
				SDKROOT = iphoneos;
				SKIP_INSTALL = YES;
				SWIFT_ACTIVE_COMPILATION_CONDITIONS = "iMessage DEBUG";
				SWIFT_DEFAULT_ACTOR_ISOLATION = MainActor;
				SWIFT_EMIT_LOC_STRINGS = YES;
				SWIFT_VERSION = 6.0;
				TARGETED_DEVICE_FAMILY = "1,2";
			};
			name = Debug;
		};
		F3570D4E2D6E779600BDF069 /* Release configuration for PBXNativeTarget "iMessages" */ = {
			isa = XCBuildConfiguration;
			buildSettings = {
				ASSETCATALOG_COMPILER_APPICON_NAME = "iMessage App Icon";
				CODE_SIGN_ENTITLEMENTS = iMessage/iMessages.entitlements;
				CODE_SIGN_STYLE = Automatic;
				DEVELOPMENT_TEAM = 8FQUA2F388;
				GENERATE_INFOPLIST_FILE = YES;
				INFOPLIST_FILE = iMessage/iMessage.plist;
				INFOPLIST_KEY_CFBundleDisplayName = "MC Stats";
				INFOPLIST_KEY_NSHumanReadableCopyright = "";
				IPHONEOS_DEPLOYMENT_TARGET = 17.0;
				LD_RUNPATH_SEARCH_PATHS = (
					"$(inherited)",
					"@executable_path/Frameworks",
					"@executable_path/../../Frameworks",
				);
				OTHER_SWIFT_FLAGS = "";
				PRODUCT_BUNDLE_IDENTIFIER = "dev.topscrech.MC-Stats.MessagesExtension";
				PRODUCT_NAME = "$(TARGET_NAME)";
				SDKROOT = iphoneos;
				SKIP_INSTALL = YES;
				SWIFT_ACTIVE_COMPILATION_CONDITIONS = iMessage;
				SWIFT_DEFAULT_ACTOR_ISOLATION = MainActor;
				SWIFT_EMIT_LOC_STRINGS = YES;
				SWIFT_VERSION = 6.0;
				TARGETED_DEVICE_FAMILY = "1,2";
				VALIDATE_PRODUCT = YES;
			};
			name = Release;
		};
		F35E1A8F2D6501A600718CB7 /* Debug configuration for PBXNativeTarget "visionOS" */ = {
			isa = XCBuildConfiguration;
			buildSettings = {
				ASSETCATALOG_COMPILER_APPICON_NAME = AppIcon;
				ASSETCATALOG_COMPILER_GLOBAL_ACCENT_COLOR_NAME = AccentColor;
				CODE_SIGN_ENTITLEMENTS = visionOS/visionOS.entitlements;
				CODE_SIGN_STYLE = Automatic;
				DEVELOPMENT_ASSET_PATHS = "";
				ENABLE_PREVIEWS = YES;
				GENERATE_INFOPLIST_FILE = YES;
				INFOPLIST_FILE = "$(TARGET_NAME)/visionOS.plist";
				INFOPLIST_KEY_CFBundleDisplayName = "MC Stats";
				LD_RUNPATH_SEARCH_PATHS = (
					"$(inherited)",
					"@executable_path/Frameworks",
				);
				PRODUCT_BUNDLE_IDENTIFIER = "dev.topscrech.MC-Stats";
				PRODUCT_NAME = "$(TARGET_NAME)";
				SDKROOT = xros;
				SUPPORTED_PLATFORMS = "xros xrsimulator";
				SWIFT_DEFAULT_ACTOR_ISOLATION = MainActor;
				SWIFT_EMIT_LOC_STRINGS = YES;
				SWIFT_VERSION = 6.0;
				TARGETED_DEVICE_FAMILY = 7;
				XROS_DEPLOYMENT_TARGET = 26.0;
			};
			name = Debug;
		};
		F35E1A902D6501A600718CB7 /* Release configuration for PBXNativeTarget "visionOS" */ = {
			isa = XCBuildConfiguration;
			buildSettings = {
				ASSETCATALOG_COMPILER_APPICON_NAME = AppIcon;
				ASSETCATALOG_COMPILER_GLOBAL_ACCENT_COLOR_NAME = AccentColor;
				CODE_SIGN_ENTITLEMENTS = visionOS/visionOS.entitlements;
				CODE_SIGN_STYLE = Automatic;
				DEVELOPMENT_ASSET_PATHS = "";
				ENABLE_PREVIEWS = YES;
				GENERATE_INFOPLIST_FILE = YES;
				INFOPLIST_FILE = "$(TARGET_NAME)/visionOS.plist";
				INFOPLIST_KEY_CFBundleDisplayName = "MC Stats";
				LD_RUNPATH_SEARCH_PATHS = (
					"$(inherited)",
					"@executable_path/Frameworks",
				);
				PRODUCT_BUNDLE_IDENTIFIER = "dev.topscrech.MC-Stats";
				PRODUCT_NAME = "$(TARGET_NAME)";
				SDKROOT = xros;
				SUPPORTED_PLATFORMS = "xros xrsimulator";
				SWIFT_DEFAULT_ACTOR_ISOLATION = MainActor;
				SWIFT_EMIT_LOC_STRINGS = YES;
				SWIFT_VERSION = 6.0;
				TARGETED_DEVICE_FAMILY = 7;
				VALIDATE_PRODUCT = YES;
				XROS_DEPLOYMENT_TARGET = 26.0;
			};
			name = Release;
		};
		F3C879C92D65720600840745 /* Debug configuration for PBXNativeTarget "tvOS" */ = {
			isa = XCBuildConfiguration;
			buildSettings = {
				ASSETCATALOG_COMPILER_APPICON_NAME = "App Icon & Top Shelf Image";
				ASSETCATALOG_COMPILER_GLOBAL_ACCENT_COLOR_NAME = AccentColor;
				ASSETCATALOG_COMPILER_INCLUDE_ALL_APPICON_ASSETS = NO;
				CODE_SIGN_ENTITLEMENTS = tvOS/tvOS.entitlements;
				CODE_SIGN_STYLE = Automatic;
				DEVELOPMENT_ASSET_PATHS = "";
				ENABLE_PREVIEWS = YES;
				GENERATE_INFOPLIST_FILE = YES;
				INFOPLIST_FILE = tvOS/tvOS.plist;
				INFOPLIST_KEY_CFBundleDisplayName = "MC Stats";
				INFOPLIST_KEY_GCSupportsControllerUserInteraction = YES;
				INFOPLIST_KEY_ITSAppUsesNonExemptEncryption = NO;
				INFOPLIST_KEY_LSApplicationCategoryType = "public.app-category.utilities";
				INFOPLIST_KEY_NSHumanReadableCopyright = "2025 Sergei Saliukov";
				INFOPLIST_KEY_UIUserInterfaceStyle = Automatic;
				LD_RUNPATH_SEARCH_PATHS = (
					"$(inherited)",
					"@executable_path/Frameworks",
				);
				PRODUCT_BUNDLE_IDENTIFIER = "dev.topscrech.MC-Stats";
				PRODUCT_NAME = "$(TARGET_NAME)";
				SDKROOT = appletvos;
				SWIFT_DEFAULT_ACTOR_ISOLATION = MainActor;
				SWIFT_EMIT_LOC_STRINGS = YES;
				SWIFT_VERSION = 6.0;
				TARGETED_DEVICE_FAMILY = 3;
				TVOS_DEPLOYMENT_TARGET = 17.0;
			};
			name = Debug;
		};
		F3C879CA2D65720600840745 /* Release configuration for PBXNativeTarget "tvOS" */ = {
			isa = XCBuildConfiguration;
			buildSettings = {
				ASSETCATALOG_COMPILER_APPICON_NAME = "App Icon & Top Shelf Image";
				ASSETCATALOG_COMPILER_GLOBAL_ACCENT_COLOR_NAME = AccentColor;
				ASSETCATALOG_COMPILER_INCLUDE_ALL_APPICON_ASSETS = NO;
				CODE_SIGN_ENTITLEMENTS = tvOS/tvOS.entitlements;
				CODE_SIGN_STYLE = Automatic;
				DEVELOPMENT_ASSET_PATHS = "";
				ENABLE_PREVIEWS = YES;
				GENERATE_INFOPLIST_FILE = YES;
				INFOPLIST_FILE = tvOS/tvOS.plist;
				INFOPLIST_KEY_CFBundleDisplayName = "MC Stats";
				INFOPLIST_KEY_GCSupportsControllerUserInteraction = YES;
				INFOPLIST_KEY_ITSAppUsesNonExemptEncryption = NO;
				INFOPLIST_KEY_LSApplicationCategoryType = "public.app-category.utilities";
				INFOPLIST_KEY_NSHumanReadableCopyright = "2025 Sergei Saliukov";
				INFOPLIST_KEY_UIUserInterfaceStyle = Automatic;
				LD_RUNPATH_SEARCH_PATHS = (
					"$(inherited)",
					"@executable_path/Frameworks",
				);
				PRODUCT_BUNDLE_IDENTIFIER = "dev.topscrech.MC-Stats";
				PRODUCT_NAME = "$(TARGET_NAME)";
				SDKROOT = appletvos;
				SWIFT_DEFAULT_ACTOR_ISOLATION = MainActor;
				SWIFT_EMIT_LOC_STRINGS = YES;
				SWIFT_VERSION = 6.0;
				TARGETED_DEVICE_FAMILY = 3;
				TVOS_DEPLOYMENT_TARGET = 17.0;
				VALIDATE_PRODUCT = YES;
			};
			name = Release;
		};
/* End XCBuildConfiguration section */

/* Begin XCConfigurationList section */
		F11F63592A81E51000D47187 /* Build configuration list for PBXNativeTarget "watchOS" */ = {
			isa = XCConfigurationList;
			buildConfigurations = (
				F11F635A2A81E51000D47187 /* Debug configuration for PBXNativeTarget "watchOS" */,
				F11F635B2A81E51000D47187 /* Release configuration for PBXNativeTarget "watchOS" */,
			);
			defaultConfigurationName = Release;
		};
		F13095312CBC997300C4C7BA /* Build configuration list for PBXNativeTarget "Watch Widgets" */ = {
			isa = XCConfigurationList;
			buildConfigurations = (
				F13095322CBC997300C4C7BA /* Debug configuration for PBXNativeTarget "Watch Widgets" */,
				F13095332CBC997300C4C7BA /* Release configuration for PBXNativeTarget "Watch Widgets" */,
			);
			defaultConfigurationName = Release;
		};
		F13E5FF42A4BD614005BE9B2 /* Build configuration list for PBXProject "MC Stats" */ = {
			isa = XCConfigurationList;
			buildConfigurations = (
				F13E60092A4BD615005BE9B2 /* Debug configuration for PBXProject "MC Stats" */,
				F13E600A2A4BD615005BE9B2 /* Release configuration for PBXProject "MC Stats" */,
			);
			defaultConfigurationName = Release;
		};
		F13E600B2A4BD615005BE9B2 /* Build configuration list for PBXNativeTarget "iOS" */ = {
			isa = XCConfigurationList;
			buildConfigurations = (
				F13E600C2A4BD615005BE9B2 /* Debug configuration for PBXNativeTarget "iOS" */,
				F13E600D2A4BD615005BE9B2 /* Release configuration for PBXNativeTarget "iOS" */,
			);
			defaultConfigurationName = Release;
		};
		F1406BB32AA391B800815BE8 /* Build configuration list for PBXNativeTarget "Intents" */ = {
			isa = XCConfigurationList;
			buildConfigurations = (
				F1406BB42AA391B800815BE8 /* Debug configuration for PBXNativeTarget "Intents" */,
				F1406BB52AA391B800815BE8 /* Release configuration for PBXNativeTarget "Intents" */,
			);
			defaultConfigurationName = Release;
		};
		F1EF77022CB7874100EFFB20 /* Build configuration list for PBXNativeTarget "Widgets" */ = {
			isa = XCConfigurationList;
			buildConfigurations = (
				F1EF77032CB7874100EFFB20 /* Debug configuration for PBXNativeTarget "Widgets" */,
				F1EF77042CB7874100EFFB20 /* Release configuration for PBXNativeTarget "Widgets" */,
			);
			defaultConfigurationName = Release;
		};
		F31D45AE2D6DC62700981B1C /* Build configuration list for PBXNativeTarget "macOS" */ = {
			isa = XCConfigurationList;
			buildConfigurations = (
				F31D45AC2D6DC62700981B1C /* Debug configuration for PBXNativeTarget "macOS" */,
				F31D45AD2D6DC62700981B1C /* Release configuration for PBXNativeTarget "macOS" */,
			);
			defaultConfigurationName = Release;
		};
		F3570D4C2D6E779600BDF069 /* Build configuration list for PBXNativeTarget "iMessages" */ = {
			isa = XCConfigurationList;
			buildConfigurations = (
				F3570D4D2D6E779600BDF069 /* Debug configuration for PBXNativeTarget "iMessages" */,
				F3570D4E2D6E779600BDF069 /* Release configuration for PBXNativeTarget "iMessages" */,
			);
			defaultConfigurationName = Release;
		};
		F35E1A8E2D6501A600718CB7 /* Build configuration list for PBXNativeTarget "visionOS" */ = {
			isa = XCConfigurationList;
			buildConfigurations = (
				F35E1A8F2D6501A600718CB7 /* Debug configuration for PBXNativeTarget "visionOS" */,
				F35E1A902D6501A600718CB7 /* Release configuration for PBXNativeTarget "visionOS" */,
			);
			defaultConfigurationName = Release;
		};
		F3C879C82D65720600840745 /* Build configuration list for PBXNativeTarget "tvOS" */ = {
			isa = XCConfigurationList;
			buildConfigurations = (
				F3C879C92D65720600840745 /* Debug configuration for PBXNativeTarget "tvOS" */,
				F3C879CA2D65720600840745 /* Release configuration for PBXNativeTarget "tvOS" */,
			);
			defaultConfigurationName = Release;
		};
/* End XCConfigurationList section */

/* Begin XCLocalSwiftPackageReference section */
		F394B82A2D6C6F9D0040EBD7 /* XCLocalSwiftPackageReference "MCStatsDataLayer" */ = {
			isa = XCLocalSwiftPackageReference;
			relativePath = MCStatsDataLayer;
		};
/* End XCLocalSwiftPackageReference section */

/* Begin XCRemoteSwiftPackageReference section */
		F1612CC62CACC37300E602DC /* XCRemoteSwiftPackageReference "Nuke" */ = {
			isa = XCRemoteSwiftPackageReference;
			repositoryURL = "https://github.com/kean/Nuke";
			requirement = {
				kind = upToNextMajorVersion;
				minimumVersion = 12.8.0;
			};
		};
		F33A5CAB2D640BEB0020D8A5 /* XCRemoteSwiftPackageReference "ScrechKit" */ = {
			isa = XCRemoteSwiftPackageReference;
			repositoryURL = "https://github.com/TopScrech/ScrechKit";
			requirement = {
				branch = main;
				kind = branch;
			};
		};
		F3F5AD652E885E47007AD97D /* XCRemoteSwiftPackageReference "Appearance" */ = {
			isa = XCRemoteSwiftPackageReference;
			repositoryURL = "https://github.com/TopScrech/Appearance";
			requirement = {
				branch = main;
				kind = branch;
			};
		};
/* End XCRemoteSwiftPackageReference section */

/* Begin XCSwiftPackageProductDependency section */
		F1612CC72CACC37300E602DC /* Nuke */ = {
			isa = XCSwiftPackageProductDependency;
			package = F1612CC62CACC37300E602DC /* XCRemoteSwiftPackageReference "Nuke" */;
			productName = Nuke;
		};
		F1612CC92CACC37300E602DC /* NukeUI */ = {
			isa = XCSwiftPackageProductDependency;
			package = F1612CC62CACC37300E602DC /* XCRemoteSwiftPackageReference "Nuke" */;
			productName = NukeUI;
		};
		F1EF76C52CB4216F00EFFB20 /* Nuke */ = {
			isa = XCSwiftPackageProductDependency;
			package = F1612CC62CACC37300E602DC /* XCRemoteSwiftPackageReference "Nuke" */;
			productName = Nuke;
		};
		F1EF76C72CB4216F00EFFB20 /* NukeUI */ = {
			isa = XCSwiftPackageProductDependency;
			package = F1612CC62CACC37300E602DC /* XCRemoteSwiftPackageReference "Nuke" */;
			productName = NukeUI;
		};
		F31D45BB2D6DC6B700981B1C /* MCStatsDataLayer */ = {
			isa = XCSwiftPackageProductDependency;
			productName = MCStatsDataLayer;
		};
		F31D45BF2D6DC6C200981B1C /* Nuke */ = {
			isa = XCSwiftPackageProductDependency;
			package = F1612CC62CACC37300E602DC /* XCRemoteSwiftPackageReference "Nuke" */;
			productName = Nuke;
		};
		F31D45C12D6DC6C600981B1C /* NukeUI */ = {
			isa = XCSwiftPackageProductDependency;
			package = F1612CC62CACC37300E602DC /* XCRemoteSwiftPackageReference "Nuke" */;
			productName = NukeUI;
		};
		F35E1AB32D6522F400718CB7 /* NukeUI */ = {
			isa = XCSwiftPackageProductDependency;
			package = F1612CC62CACC37300E602DC /* XCRemoteSwiftPackageReference "Nuke" */;
			productName = NukeUI;
		};
		F376E1812DDA3C3700D98252 /* ScrechKit */ = {
			isa = XCSwiftPackageProductDependency;
			package = F33A5CAB2D640BEB0020D8A5 /* XCRemoteSwiftPackageReference "ScrechKit" */;
			productName = ScrechKit;
		};
		F376E1832DDA3C5000D98252 /* ScrechKit */ = {
			isa = XCSwiftPackageProductDependency;
			package = F33A5CAB2D640BEB0020D8A5 /* XCRemoteSwiftPackageReference "ScrechKit" */;
			productName = ScrechKit;
		};
		F376E1852DDA3C5600D98252 /* ScrechKit */ = {
			isa = XCSwiftPackageProductDependency;
			package = F33A5CAB2D640BEB0020D8A5 /* XCRemoteSwiftPackageReference "ScrechKit" */;
			productName = ScrechKit;
		};
		F376E1872DDA3C8000D98252 /* ScrechKit */ = {
			isa = XCSwiftPackageProductDependency;
			package = F33A5CAB2D640BEB0020D8A5 /* XCRemoteSwiftPackageReference "ScrechKit" */;
			productName = ScrechKit;
		};
		F376E1892DDA3CA800D98252 /* ScrechKit */ = {
			isa = XCSwiftPackageProductDependency;
			package = F33A5CAB2D640BEB0020D8A5 /* XCRemoteSwiftPackageReference "ScrechKit" */;
			productName = ScrechKit;
		};
		F376E18B2DDA3CAE00D98252 /* ScrechKit */ = {
			isa = XCSwiftPackageProductDependency;
			package = F33A5CAB2D640BEB0020D8A5 /* XCRemoteSwiftPackageReference "ScrechKit" */;
			productName = ScrechKit;
		};
		F376E18D2DDA3CBC00D98252 /* ScrechKit */ = {
			isa = XCSwiftPackageProductDependency;
			package = F33A5CAB2D640BEB0020D8A5 /* XCRemoteSwiftPackageReference "ScrechKit" */;
			productName = ScrechKit;
		};
		F3BC6B1F2D6F56950016A68D /* MCStatsDataLayer */ = {
			isa = XCSwiftPackageProductDependency;
			productName = MCStatsDataLayer;
		};
		F3C1E4382D6C8CA400950F3D /* MCStatsDataLayer */ = {
			isa = XCSwiftPackageProductDependency;
			productName = MCStatsDataLayer;
		};
		F3C879FC2D6572FD00840745 /* Nuke */ = {
			isa = XCSwiftPackageProductDependency;
			package = F1612CC62CACC37300E602DC /* XCRemoteSwiftPackageReference "Nuke" */;
			productName = Nuke;
		};
		F3C879FE2D65730000840745 /* NukeUI */ = {
			isa = XCSwiftPackageProductDependency;
			package = F1612CC62CACC37300E602DC /* XCRemoteSwiftPackageReference "Nuke" */;
			productName = NukeUI;
		};
		F3C9235D2D6C6CD3004D31A9 /* MCStatsDataLayer */ = {
			isa = XCSwiftPackageProductDependency;
			productName = MCStatsDataLayer;
		};
		F3C9235F2D6C6CDC004D31A9 /* MCStatsDataLayer */ = {
			isa = XCSwiftPackageProductDependency;
			productName = MCStatsDataLayer;
		};
		F3C923612D6C6CE2004D31A9 /* MCStatsDataLayer */ = {
			isa = XCSwiftPackageProductDependency;
			productName = MCStatsDataLayer;
		};
		F3C923632D6C6CE7004D31A9 /* MCStatsDataLayer */ = {
			isa = XCSwiftPackageProductDependency;
			productName = MCStatsDataLayer;
		};
		F3C923652D6C6CF2004D31A9 /* MCStatsDataLayer */ = {
			isa = XCSwiftPackageProductDependency;
			productName = MCStatsDataLayer;
		};
		F3C923672D6C6CF6004D31A9 /* MCStatsDataLayer */ = {
			isa = XCSwiftPackageProductDependency;
			productName = MCStatsDataLayer;
		};
		F3DD086E2D75233300A67D4B /* NukeUI */ = {
			isa = XCSwiftPackageProductDependency;
			package = F1612CC62CACC37300E602DC /* XCRemoteSwiftPackageReference "Nuke" */;
			productName = NukeUI;
		};
		F3DD08702D75233600A67D4B /* Nuke */ = {
			isa = XCSwiftPackageProductDependency;
			package = F1612CC62CACC37300E602DC /* XCRemoteSwiftPackageReference "Nuke" */;
			productName = Nuke;
		};
		F3F5AD662E885E47007AD97D /* Appearance */ = {
			isa = XCSwiftPackageProductDependency;
			package = F3F5AD652E885E47007AD97D /* XCRemoteSwiftPackageReference "Appearance" */;
			productName = Appearance;
		};
		F3F5AD732E886051007AD97D /* Appearance */ = {
			isa = XCSwiftPackageProductDependency;
			package = F3F5AD652E885E47007AD97D /* XCRemoteSwiftPackageReference "Appearance" */;
			productName = Appearance;
		};
		F3F5AD752E886058007AD97D /* Appearance */ = {
			isa = XCSwiftPackageProductDependency;
			package = F3F5AD652E885E47007AD97D /* XCRemoteSwiftPackageReference "Appearance" */;
			productName = Appearance;
		};
		F3FCD1F62E527A7D003BDE5E /* ScrechKit */ = {
			isa = XCSwiftPackageProductDependency;
			package = F33A5CAB2D640BEB0020D8A5 /* XCRemoteSwiftPackageReference "ScrechKit" */;
			productName = ScrechKit;
		};
		F3FCD1F82E527A8D003BDE5E /* ScrechKit */ = {
			isa = XCSwiftPackageProductDependency;
			package = F33A5CAB2D640BEB0020D8A5 /* XCRemoteSwiftPackageReference "ScrechKit" */;
			productName = ScrechKit;
		};
/* End XCSwiftPackageProductDependency section */
	};
	rootObject = F13E5FF12A4BD614005BE9B2 /* Project object */;
}
